
Microsoft Visual Studio Solution File, Format Version 12.00
# Visual Studio Version 17
VisualStudioVersion = 17.13.35931.197
MinimumVisualStudioVersion = 10.0.40219.1
Project("{8BC9CEB8-8B4A-11D0-8D11-00A0C91BC942}") = "ReferenceTestApp", "ReferenceTestApp\ReferenceTestApp.vcxproj", "{88215C1E-9288-43CB-90D3-012236ED1F0A}"
EndProject
Project("{8BC9CEB8-8B4A-11D0-8D11-00A0C91BC942}") = "SwapTestApp", "SwapTestApp\SwapTestApp.vcxproj", "{7D3F2A12-2CC5-4CEF-B666-FBADFEC37A93}"
EndProject
Global
	GlobalSection(SolutionConfigurationPlatforms) = preSolution
		Debug|x64 = Debug|x64
		Debug|x86 = Debug|x86
		Release|x64 = Release|x64
		Release|x86 = Release|x86
	EndGlobalSection
	GlobalSection(ProjectConfigurationPlatforms) = postSolution
		{88215C1E-9288-43CB-90D3-012236ED1F0A}.Debug|x64.ActiveCfg = Debug|x64
		{88215C1E-9288-43CB-90D3-012236ED1F0A}.Debug|x64.Build.0 = Debug|x64
		{88215C1E-9288-43CB-90D3-012236ED1F0A}.Debug|x86.ActiveCfg = Debug|Win32
		{88215C1E-9288-43CB-90D3-012236ED1F0A}.Debug|x86.Build.0 = Debug|Win32
		{88215C1E-9288-43CB-90D3-012236ED1F0A}.Release|x64.ActiveCfg = Release|x64
		{88215C1E-9288-43CB-90D3-012236ED1F0A}.Release|x64.Build.0 = Release|x64
		{88215C1E-9288-43CB-90D3-012236ED1F0A}.Release|x86.ActiveCfg = Release|Win32
		{88215C1E-9288-43CB-90D3-012236ED1F0A}.Release|x86.Build.0 = Release|Win32
		{7D3F2A12-2CC5-4CEF-B666-FBADFEC37A93}.Debug|x64.ActiveCfg = Debug|x64
		{7D3F2A12-2CC5-4CEF-B666-FBADFEC37A93}.Debug|x64.Build.0 = Debug|x64
		{7D3F2A12-2CC5-4CEF-B666-FBADFEC37A93}.Debug|x86.ActiveCfg = Debug|Win32
		{7D3F2A12-2CC5-4CEF-B666-FBADFEC37A93}.Debug|x86.Build.0 = Debug|Win32
		{7D3F2A12-2CC5-4CEF-B666-FBADFEC37A93}.Release|x64.ActiveCfg = Release|x64
		{7D3F2A12-2CC5-4CEF-B666-FBADFEC37A93}.Release|x64.Build.0 = Release|x64
		{7D3F2A12-2CC5-4CEF-B666-FBADFEC37A93}.Release|x86.ActiveCfg = Release|Win32
		{7D3F2A12-2CC5-4CEF-B666-FBADFEC37A93}.Release|x86.Build.0 = Release|Win32
	EndGlobalSection
	GlobalSection(SolutionProperties) = preSolution
		HideSolutionNode = FALSE
	EndGlobalSection
	GlobalSection(ExtensibilityGlobals) = postSolution
		SolutionGuid = {7E8658BD-671B-4EF4-B68C-065C9322A00F}
	EndGlobalSection
EndGlobal
