
Microsoft Visual Studio Solution File, Format Version 12.00
# Visual Studio Version 17
VisualStudioVersion = 17.13.35931.197
MinimumVisualStudioVersion = 10.0.40219.1
Project("{2150E333-8FDC-42A3-9474-1A3956D46DE8}") = "Ch01", "Ch01", "{F7E0FE20-9486-4601-AE0F-BD0D183432D2}"
EndProject
Project("{2150E333-8FDC-42A3-9474-1A3956D46DE8}") = "Ch03", "Ch03", "{4FD1657F-618B-40CB-8E6B-21D7746683D9}"
EndProject
Project("{2150E333-8FDC-42A3-9474-1A3956D46DE8}") = "Ch04", "Ch04", "{0CCB42BD-8B27-4931-96A8-A0C9883F5EE3}"
EndProject
Project("{2150E333-8FDC-42A3-9474-1A3956D46DE8}") = "Ch05", "Ch05", "{58C87880-7587-4227-A8A7-57031816F28E}"
EndProject
Project("{2150E333-8FDC-42A3-9474-1A3956D46DE8}") = "Ch07", "Ch07", "{1EFD12FA-F7F1-4123-B7BE-E29BFF562113}"
EndProject
Project("{2150E333-8FDC-42A3-9474-1A3956D46DE8}") = "Ch08", "Ch08", "{2AD74A57-2DA6-4611-9607-BE9F95352D04}"
EndProject
Project("{2150E333-8FDC-42A3-9474-1A3956D46DE8}") = "Ch09", "Ch09", "{CC418851-7EAC-4DF4-B972-285ED2585588}"
EndProject
Project("{2150E333-8FDC-42A3-9474-1A3956D46DE8}") = "Ch10", "Ch10", "{AF38D7AB-554C-4A36-A35B-966BFD5A8BF5}"
EndProject
Project("{2150E333-8FDC-42A3-9474-1A3956D46DE8}") = "Ch11", "Ch11", "{45FA2D8A-5FD9-476F-A852-2FDCDD639B75}"
EndProject
Project("{2150E333-8FDC-42A3-9474-1A3956D46DE8}") = "Ch12", "Ch12", "{D5865FA3-DEDD-406E-9965-B85EA51433F9}"
EndProject
Project("{2150E333-8FDC-42A3-9474-1A3956D46DE8}") = "Ch13", "Ch13", "{B1F15E34-AABA-4B4A-9E1A-CAC660F14B36}"
EndProject
Project("{2150E333-8FDC-42A3-9474-1A3956D46DE8}") = "Ch14", "Ch14", "{5213FAB9-A4BB-4D60-80BE-A027F5274CF2}"
EndProject
Project("{2150E333-8FDC-42A3-9474-1A3956D46DE8}") = "Ch15", "Ch15", "{63684408-D9C3-4319-846D-897DACC5817D}"
EndProject
Project("{2150E333-8FDC-42A3-9474-1A3956D46DE8}") = "Ch16", "Ch16", "{CCB313D9-6644-4C1D-8EEF-665622548677}"
EndProject
Project("{2150E333-8FDC-42A3-9474-1A3956D46DE8}") = "Ch17", "Ch17", "{F21C1C98-78B3-4174-A0DA-617F15FA6DC1}"
EndProject
Project("{2150E333-8FDC-42A3-9474-1A3956D46DE8}") = "Ch18", "Ch18", "{A443005A-4E1C-4CF6-B12C-FEA006B1B34B}"
EndProject
Project("{2150E333-8FDC-42A3-9474-1A3956D46DE8}") = "Ch19", "Ch19", "{A644516C-FF78-4981-B30C-EF99D9DA82D6}"
EndProject
Project("{2150E333-8FDC-42A3-9474-1A3956D46DE8}") = "Add", "Add", "{B1F1211B-91E8-42BB-8BD9-2B309DF87180}"
EndProject
Project("{2150E333-8FDC-42A3-9474-1A3956D46DE8}") = "Ch20", "Ch20", "{54246586-D04B-48AB-9EFF-0E17602E04AC}"
EndProject
Project("{2150E333-8FDC-42A3-9474-1A3956D46DE8}") = "Ch21", "Ch21", "{589EF830-20D2-4D73-ACC2-E121D877A732}"
EndProject
Project("{8BC9CEB8-8B4A-11D0-8D11-00A0C91BC942}") = "EscapeTests", "Chap01\EscapeTests\EscapeTests.vcxproj", "{5C95451F-24E0-4816-AB49-25B29025FB68}"
EndProject
Project("{8BC9CEB8-8B4A-11D0-8D11-00A0C91BC942}") = "FirstApp", "Chap01\FirstApp\FirstApp.vcxproj", "{A06D1DB8-0F94-41EB-B9D1-C18D237E3490}"
EndProject
Project("{8BC9CEB8-8B4A-11D0-8D11-00A0C91BC942}") = "NewAndNews", "Chap01\NewAndNews\NewAndNews.vcxproj", "{A25587B7-BB54-4B61-9F0C-6D18FD68F5A7}"
EndProject
Project("{8BC9CEB8-8B4A-11D0-8D11-00A0C91BC942}") = "TemplateTests", "Chap01\TemplateTests\TemplateTests.vcxproj", "{0D816399-7D7D-4964-88B9-9C25CC013664}"
EndProject
Project("{8BC9CEB8-8B4A-11D0-8D11-00A0C91BC942}") = "SelectSortApps", "Chap99\SelectSortApps\SelectSortApps.vcxproj", "{7748FAA1-8A3E-4D17-86FD-505671E4010E}"
EndProject
Project("{8BC9CEB8-8B4A-11D0-8D11-00A0C91BC942}") = "StringTests", "Chap03\StringTests\StringTests.vcxproj", "{E5F82E91-1532-4862-965A-F47D3C5B359B}"
EndProject
Project("{8BC9CEB8-8B4A-11D0-8D11-00A0C91BC942}") = "VarTests", "Chap03\VarTests\VarTests.vcxproj", "{E173B9EA-3954-4D6B-A462-29FA30FB05DA}"
EndProject
Project("{8BC9CEB8-8B4A-11D0-8D11-00A0C91BC942}") = "CastTests", "Chap04\CastTests\CastTests.vcxproj", "{5B5C4E6F-AD48-4A9D-A457-DB0C41242E3D}"
EndProject
Project("{8BC9CEB8-8B4A-11D0-8D11-00A0C91BC942}") = "OpTestApps", "Chap04\OpTestApps\OpTestApps.vcxproj", "{795EE202-C59D-4947-950B-9EDE22C0A85E}"
EndProject
Project("{8BC9CEB8-8B4A-11D0-8D11-00A0C91BC942}") = "ForTestApps", "Chap05\ForTestApps\ForTestApps.vcxproj", "{6151EC5F-E173-4B13-8B61-8BB301A66369}"
EndProject
Project("{8BC9CEB8-8B4A-11D0-8D11-00A0C91BC942}") = "IfTestApps", "Chap05\IfTestApps\IfTestApps.vcxproj", "{FF5347DD-3ACF-480C-B860-FF296510B751}"
EndProject
Project("{8BC9CEB8-8B4A-11D0-8D11-00A0C91BC942}") = "MultiTableApps", "Chap05\MultiTableApps\MultiTableApps.vcxproj", "{5CC08CD7-B1A1-410D-873C-BC45C23F725C}"
EndProject
Project("{8BC9CEB8-8B4A-11D0-8D11-00A0C91BC942}") = "SwitchTestApps", "Chap05\SwitchTestApps\SwitchTestApps.vcxproj", "{3256DB88-14AE-400A-8229-9195A6D71084}"
EndProject
Project("{8BC9CEB8-8B4A-11D0-8D11-00A0C91BC942}") = "WhileTestApps", "Chap05\WhileTestApps\WhileTestApps.vcxproj", "{0EDC0067-B619-4490-A5AE-76B2DFFA39B5}"
EndProject
Project("{8BC9CEB8-8B4A-11D0-8D11-00A0C91BC942}") = "FuncTestApps", "Chap07\FuncTestApps\FuncTestApps.vcxproj", "{C2C3B807-CB08-40B5-B89C-422E7E841EFE}"
EndProject
Project("{8BC9CEB8-8B4A-11D0-8D11-00A0C91BC942}") = "ArrayTestApps", "Chap08\ArrayTestApps\ArrayTestApps.vcxproj", "{F6F1104D-C0DA-4EED-B27A-9A5280077F20}"
EndProject
Project("{8BC9CEB8-8B4A-11D0-8D11-00A0C91BC942}") = "StringTestApps", "Chap08\StringTestApps\StringTestApps.vcxproj", "{75672CB6-20F6-4153-B812-2CAC5F05D07A}"
EndProject
Project("{8BC9CEB8-8B4A-11D0-8D11-00A0C91BC942}") = "PointerTestApps", "Chap09\PointerTestApps\PointerTestApps.vcxproj", "{ACE478BC-DC2A-474B-B030-1BA35E82D252}"
EndProject
Project("{8BC9CEB8-8B4A-11D0-8D11-00A0C91BC942}") = "SwapTestApps", "Chap09\SwapTestApps\SwapTestApps.vcxproj", "{7E53ADCF-709B-4C80-86A4-D51AC8A4BFBF}"
EndProject
Project("{8BC9CEB8-8B4A-11D0-8D11-00A0C91BC942}") = "ArrPtrChkApps", "Chap10\ArrPtrChkApps\ArrPtrChkApps.vcxproj", "{649270D2-3B46-4BC2-9466-18D73379FADA}"
EndProject
Project("{8BC9CEB8-8B4A-11D0-8D11-00A0C91BC942}") = "ArrPtrTestApps", "Chap10\ArrPtrTestApps\ArrPtrTestApps.vcxproj", "{5A9AA11D-81F9-4DAD-8418-357CDA27A957}"
EndProject
Project("{8BC9CEB8-8B4A-11D0-8D11-00A0C91BC942}") = "FindMaxApps", "Chap10\FindMaxApps\FindMaxApps.vcxproj", "{3CFC5450-09B4-4D36-9206-855F68A973AD}"
EndProject
Project("{8BC9CEB8-8B4A-11D0-8D11-00A0C91BC942}") = "CharTestApps", "Chap11\CharTestApps\CharTestApps.vcxproj", "{30938619-43B4-485E-8C8B-79657FAD5D87}"
EndProject
Project("{8BC9CEB8-8B4A-11D0-8D11-00A0C91BC942}") = "IndiTests", "Chap12\IndiTests\IndiTests.vcxproj", "{79A97171-7948-4735-BC10-D4CEA798C814}"
EndProject
Project("{8BC9CEB8-8B4A-11D0-8D11-00A0C91BC942}") = "StrTestApps", "Chap12\StrTestApps\StrTestApps.vcxproj", "{CDAA21F2-4AB2-4E93-ACEE-1E7466BD56CC}"
EndProject
Project("{8BC9CEB8-8B4A-11D0-8D11-00A0C91BC942}") = "StaticValTestApps", "Chap13\StaticValTestApps\StaticValTestApps.vcxproj", "{E25BDBBA-B12F-4F83-89F3-E53D64151FF3}"
EndProject
Project("{8BC9CEB8-8B4A-11D0-8D11-00A0C91BC942}") = "VarTestApps", "Chap13\VarTestApps\VarTestApps.vcxproj", "{745F71EC-8C82-4062-89A3-65767CEA09FD}"
EndProject
Project("{8BC9CEB8-8B4A-11D0-8D11-00A0C91BC942}") = "SArryTestApps", "Chap14\SArryTestApps\SArryTestApps.vcxproj", "{EF06A8CF-26D0-46E7-94E1-43690CA76748}"
EndProject
Project("{8BC9CEB8-8B4A-11D0-8D11-00A0C91BC942}") = "StringPtrApps", "Chap14\StringPtrApps\StringPtrApps.vcxproj", "{25E9D429-84F2-49E0-8097-4D365F09C8B2}"
EndProject
Project("{8BC9CEB8-8B4A-11D0-8D11-00A0C91BC942}") = "ThirdArrApps", "Chap14\ThirdArrApps\ThirdArrApps.vcxproj", "{182F6FA9-20A6-4FD4-9A81-2AE57E0A2C51}"
EndProject
Project("{8BC9CEB8-8B4A-11D0-8D11-00A0C91BC942}") = "DoublePointerApps", "Chap15\DoublePointerApps\DoublePointerApps.vcxproj", "{BB1F7DEF-C2A7-4F02-8E99-C606B91AD56D}"
EndProject
Project("{8BC9CEB8-8B4A-11D0-8D11-00A0C91BC942}") = "FuncPtrApps", "Chap15\FuncPtrApps\FuncPtrApps.vcxproj", "{F73DA0FE-05E3-4447-B26F-A95A661B0019}"
EndProject
Project("{8BC9CEB8-8B4A-11D0-8D11-00A0C91BC942}") = "PtrSwapApps", "Chap15\PtrSwapApps\PtrSwapApps.vcxproj", "{0A18F57B-16B7-47F9-AF9A-257D478211BD}"
EndProject
Project("{8BC9CEB8-8B4A-11D0-8D11-00A0C91BC942}") = "RegisterTestApps", "Chap15\RegisterTestApps\RegisterTestApps.vcxproj", "{43A0B495-8EC6-459A-88E2-86E92702C4AC}"
EndProject
Project("{8BC9CEB8-8B4A-11D0-8D11-00A0C91BC942}") = "DynamicMemApps", "Chap16\DynamicMemApps\DynamicMemApps.vcxproj", "{FE90C3D4-F520-4108-99EF-875BF3611FEA}"
EndProject
Project("{8BC9CEB8-8B4A-11D0-8D11-00A0C91BC942}") = "DynamicStrApps", "Chap16\DynamicStrApps\DynamicStrApps.vcxproj", "{057EF275-819F-4396-8437-B9DD9E48E79C}"
EndProject
Project("{8BC9CEB8-8B4A-11D0-8D11-00A0C91BC942}") = "MainArgApps", "Chap16\MainArgApps\MainArgApps.vcxproj", "{BEC518B3-760A-467C-87A7-D2F207469610}"
EndProject
Project("{FAE04EC0-301F-11D3-BF4B-00C04F79EFBC}") = "CsConsoleApp", "Chap16\CsConsoleApp\CsConsoleApp.csproj", "{4EA929EC-60C2-4002-9DCC-FFF90B729F6E}"
EndProject
Project("{8BC9CEB8-8B4A-11D0-8D11-00A0C91BC942}") = "LinkedListApps", "Chap17\LinkedListApps\LinkedListApps.vcxproj", "{941FE172-7CF0-4AFE-85C8-EBDC8D904142}"
EndProject
Project("{8BC9CEB8-8B4A-11D0-8D11-00A0C91BC942}") = "StructPtrApps", "Chap17\StructPtrApps\StructPtrApps.vcxproj", "{264A6090-55E5-4FF5-8071-C82797C665B1}"
EndProject
Project("{8BC9CEB8-8B4A-11D0-8D11-00A0C91BC942}") = "StructTestApps", "Chap17\StructTestApps\StructTestApps.vcxproj", "{69B44652-6AE4-4580-A00C-5B8643F1D1E8}"
EndProject
Project("{8BC9CEB8-8B4A-11D0-8D11-00A0C91BC942}") = "UnionApps", "Chap17\UnionApps\UnionApps.vcxproj", "{6E44D32A-E079-43F9-BCDB-30C7244AAFD7}"
EndProject
Project("{8BC9CEB8-8B4A-11D0-8D11-00A0C91BC942}") = "VisionApps", "Chap17\VisionApps\VisionApps.vcxproj", "{86415CC5-8495-4C1E-8E19-720CC4E3630B}"
EndProject
Project("{8BC9CEB8-8B4A-11D0-8D11-00A0C91BC942}") = "FileBufferErrApps", "Chap18\FileBufferErrApps\FileBufferErrApps.vcxproj", "{DBC48995-B04E-439D-AEFE-91D1100D8524}"
EndProject
Project("{8BC9CEB8-8B4A-11D0-8D11-00A0C91BC942}") = "FileCopyApps", "Chap18\FileCopyApps\FileCopyApps.vcxproj", "{EE82B43A-BC50-4E17-97A6-A1339739E31C}"
EndProject
Project("{8BC9CEB8-8B4A-11D0-8D11-00A0C91BC942}") = "FileTestApps", "Chap18\FileTestApps\FileTestApps.vcxproj", "{CD744CF9-D0DB-4BF2-A93A-AE9F14DC145C}"
EndProject
Project("{8BC9CEB8-8B4A-11D0-8D11-00A0C91BC942}") = "TestApps", "Chap18\TestApps\TestApps.vcxproj", "{80BCCC8A-EB54-40BF-A813-39107BC2CCF6}"
EndProject
Project("{8BC9CEB8-8B4A-11D0-8D11-00A0C91BC942}") = "DivideSrcApps", "Chap19\DivideSrcApps\DivideSrcApps.vcxproj", "{94EA3932-9447-4DB9-8403-F364FD5308D3}"
EndProject
Project("{8BC9CEB8-8B4A-11D0-8D11-00A0C91BC942}") = "DupTestApps", "Chap19\DupTestApps\DupTestApps.vcxproj", "{BEAF8F3D-C6B5-4256-B145-505F285ED304}"
EndProject
Project("{8BC9CEB8-8B4A-11D0-8D11-00A0C91BC942}") = "ExternStaticApps", "Chap19\ExternStaticApps\ExternStaticApps.vcxproj", "{DE82A39F-EC0D-4540-97F8-72FC650CBC9C}"
EndProject
Project("{8BC9CEB8-8B4A-11D0-8D11-00A0C91BC942}") = "MacroApps", "Chap19\MacroApps\MacroApps.vcxproj", "{7905674F-CED9-484E-9037-7744DED046EE}"
EndProject
Project("{8BC9CEB8-8B4A-11D0-8D11-00A0C91BC942}") = "StandardApps", "Chap19\StandardApps\StandardApps.vcxproj", "{EDA102A8-8205-47C4-BFEC-17407D69CBF4}"
EndProject
Project("{8BC9CEB8-8B4A-11D0-8D11-00A0C91BC942}") = "CMathLibs", "Chap20\CMathLibs\CMathLibs.vcxproj", "{008CDDC2-E412-4081-8024-B61870ED39EC}"
EndProject
Project("{8BC9CEB8-8B4A-11D0-8D11-00A0C91BC942}") = "MyMathLibs", "Chap20\MyMathLibs\MyMathLibs.vcxproj", "{754D2640-0F97-422F-8C8F-B8A7A002B796}"
EndProject
Project("{8BC9CEB8-8B4A-11D0-8D11-00A0C91BC942}") = "MySqlTestApps", "Chap20\MySqlTestApps\MySqlTestApps.vcxproj", "{3ADCED56-7182-4836-8652-3CA8AD03E4C3}"
EndProject
Project("{8BC9CEB8-8B4A-11D0-8D11-00A0C91BC942}") = "UsingDynLibApps", "Chap20\UsingDynLibApps\UsingDynLibApps.vcxproj", "{53BAF5E8-3D48-4A25-B878-1002D6C23F7D}"
EndProject
Project("{8BC9CEB8-8B4A-11D0-8D11-00A0C91BC942}") = "UsingStatciLibApps", "Chap20\UsingStatciLibApps\UsingStatciLibApps.vcxproj", "{6CE22A76-F041-472A-A114-A12CC377567E}"
EndProject
Project("{8BC9CEB8-8B4A-11D0-8D11-00A0C91BC942}") = "JsonSimpleParsers", "Chap21\JsonSimpleParsers\JsonSimpleParsers.vcxproj", "{A744D162-8205-4B63-A8F7-B88019500DDB}"
EndProject
Project("{8BC9CEB8-8B4A-11D0-8D11-00A0C91BC942}") = "UsingParsonApps", "Chap21\UsingParsonApps\UsingParsonApps.vcxproj", "{7FD348CA-2A41-4379-9A0B-C006ED3D9870}"
EndProject
Global
	GlobalSection(SolutionConfigurationPlatforms) = preSolution
		Debug|Any CPU = Debug|Any CPU
		Debug|x64 = Debug|x64
		Debug|x86 = Debug|x86
		Release|Any CPU = Release|Any CPU
		Release|x64 = Release|x64
		Release|x86 = Release|x86
	EndGlobalSection
	GlobalSection(ProjectConfigurationPlatforms) = postSolution
		{5C95451F-24E0-4816-AB49-25B29025FB68}.Debug|Any CPU.ActiveCfg = Debug|x64
		{5C95451F-24E0-4816-AB49-25B29025FB68}.Debug|Any CPU.Build.0 = Debug|x64
		{5C95451F-24E0-4816-AB49-25B29025FB68}.Debug|x64.ActiveCfg = Debug|x64
		{5C95451F-24E0-4816-AB49-25B29025FB68}.Debug|x64.Build.0 = Debug|x64
		{5C95451F-24E0-4816-AB49-25B29025FB68}.Debug|x86.ActiveCfg = Debug|Win32
		{5C95451F-24E0-4816-AB49-25B29025FB68}.Debug|x86.Build.0 = Debug|Win32
		{5C95451F-24E0-4816-AB49-25B29025FB68}.Release|Any CPU.ActiveCfg = Release|x64
		{5C95451F-24E0-4816-AB49-25B29025FB68}.Release|Any CPU.Build.0 = Release|x64
		{5C95451F-24E0-4816-AB49-25B29025FB68}.Release|x64.ActiveCfg = Release|x64
		{5C95451F-24E0-4816-AB49-25B29025FB68}.Release|x64.Build.0 = Release|x64
		{5C95451F-24E0-4816-AB49-25B29025FB68}.Release|x86.ActiveCfg = Release|Win32
		{5C95451F-24E0-4816-AB49-25B29025FB68}.Release|x86.Build.0 = Release|Win32
		{A06D1DB8-0F94-41EB-B9D1-C18D237E3490}.Debug|Any CPU.ActiveCfg = Debug|x64
		{A06D1DB8-0F94-41EB-B9D1-C18D237E3490}.Debug|Any CPU.Build.0 = Debug|x64
		{A06D1DB8-0F94-41EB-B9D1-C18D237E3490}.Debug|x64.ActiveCfg = Debug|x64
		{A06D1DB8-0F94-41EB-B9D1-C18D237E3490}.Debug|x64.Build.0 = Debug|x64
		{A06D1DB8-0F94-41EB-B9D1-C18D237E3490}.Debug|x86.ActiveCfg = Debug|Win32
		{A06D1DB8-0F94-41EB-B9D1-C18D237E3490}.Debug|x86.Build.0 = Debug|Win32
		{A06D1DB8-0F94-41EB-B9D1-C18D237E3490}.Release|Any CPU.ActiveCfg = Release|x64
		{A06D1DB8-0F94-41EB-B9D1-C18D237E3490}.Release|Any CPU.Build.0 = Release|x64
		{A06D1DB8-0F94-41EB-B9D1-C18D237E3490}.Release|x64.ActiveCfg = Release|x64
		{A06D1DB8-0F94-41EB-B9D1-C18D237E3490}.Release|x64.Build.0 = Release|x64
		{A06D1DB8-0F94-41EB-B9D1-C18D237E3490}.Release|x86.ActiveCfg = Release|Win32
		{A06D1DB8-0F94-41EB-B9D1-C18D237E3490}.Release|x86.Build.0 = Release|Win32
		{A25587B7-BB54-4B61-9F0C-6D18FD68F5A7}.Debug|Any CPU.ActiveCfg = Debug|x64
		{A25587B7-BB54-4B61-9F0C-6D18FD68F5A7}.Debug|Any CPU.Build.0 = Debug|x64
		{A25587B7-BB54-4B61-9F0C-6D18FD68F5A7}.Debug|x64.ActiveCfg = Debug|x64
		{A25587B7-BB54-4B61-9F0C-6D18FD68F5A7}.Debug|x64.Build.0 = Debug|x64
		{A25587B7-BB54-4B61-9F0C-6D18FD68F5A7}.Debug|x86.ActiveCfg = Debug|Win32
		{A25587B7-BB54-4B61-9F0C-6D18FD68F5A7}.Debug|x86.Build.0 = Debug|Win32
		{A25587B7-BB54-4B61-9F0C-6D18FD68F5A7}.Release|Any CPU.ActiveCfg = Release|x64
		{A25587B7-BB54-4B61-9F0C-6D18FD68F5A7}.Release|Any CPU.Build.0 = Release|x64
		{A25587B7-BB54-4B61-9F0C-6D18FD68F5A7}.Release|x64.ActiveCfg = Release|x64
		{A25587B7-BB54-4B61-9F0C-6D18FD68F5A7}.Release|x64.Build.0 = Release|x64
		{A25587B7-BB54-4B61-9F0C-6D18FD68F5A7}.Release|x86.ActiveCfg = Release|Win32
		{A25587B7-BB54-4B61-9F0C-6D18FD68F5A7}.Release|x86.Build.0 = Release|Win32
		{0D816399-7D7D-4964-88B9-9C25CC013664}.Debug|Any CPU.ActiveCfg = Debug|x64
		{0D816399-7D7D-4964-88B9-9C25CC013664}.Debug|Any CPU.Build.0 = Debug|x64
		{0D816399-7D7D-4964-88B9-9C25CC013664}.Debug|x64.ActiveCfg = Debug|x64
		{0D816399-7D7D-4964-88B9-9C25CC013664}.Debug|x64.Build.0 = Debug|x64
		{0D816399-7D7D-4964-88B9-9C25CC013664}.Debug|x86.ActiveCfg = Debug|Win32
		{0D816399-7D7D-4964-88B9-9C25CC013664}.Debug|x86.Build.0 = Debug|Win32
		{0D816399-7D7D-4964-88B9-9C25CC013664}.Release|Any CPU.ActiveCfg = Release|x64
		{0D816399-7D7D-4964-88B9-9C25CC013664}.Release|Any CPU.Build.0 = Release|x64
		{0D816399-7D7D-4964-88B9-9C25CC013664}.Release|x64.ActiveCfg = Release|x64
		{0D816399-7D7D-4964-88B9-9C25CC013664}.Release|x64.Build.0 = Release|x64
		{0D816399-7D7D-4964-88B9-9C25CC013664}.Release|x86.ActiveCfg = Release|Win32
		{0D816399-7D7D-4964-88B9-9C25CC013664}.Release|x86.Build.0 = Release|Win32
		{7748FAA1-8A3E-4D17-86FD-505671E4010E}.Debug|Any CPU.ActiveCfg = Debug|x64
		{7748FAA1-8A3E-4D17-86FD-505671E4010E}.Debug|Any CPU.Build.0 = Debug|x64
		{7748FAA1-8A3E-4D17-86FD-505671E4010E}.Debug|x64.ActiveCfg = Debug|x64
		{7748FAA1-8A3E-4D17-86FD-505671E4010E}.Debug|x64.Build.0 = Debug|x64
		{7748FAA1-8A3E-4D17-86FD-505671E4010E}.Debug|x86.ActiveCfg = Debug|Win32
		{7748FAA1-8A3E-4D17-86FD-505671E4010E}.Debug|x86.Build.0 = Debug|Win32
		{7748FAA1-8A3E-4D17-86FD-505671E4010E}.Release|Any CPU.ActiveCfg = Release|x64
		{7748FAA1-8A3E-4D17-86FD-505671E4010E}.Release|Any CPU.Build.0 = Release|x64
		{7748FAA1-8A3E-4D17-86FD-505671E4010E}.Release|x64.ActiveCfg = Release|x64
		{7748FAA1-8A3E-4D17-86FD-505671E4010E}.Release|x64.Build.0 = Release|x64
		{7748FAA1-8A3E-4D17-86FD-505671E4010E}.Release|x86.ActiveCfg = Release|Win32
		{7748FAA1-8A3E-4D17-86FD-505671E4010E}.Release|x86.Build.0 = Release|Win32
		{E5F82E91-1532-4862-965A-F47D3C5B359B}.Debug|Any CPU.ActiveCfg = Debug|x64
		{E5F82E91-1532-4862-965A-F47D3C5B359B}.Debug|Any CPU.Build.0 = Debug|x64
		{E5F82E91-1532-4862-965A-F47D3C5B359B}.Debug|x64.ActiveCfg = Debug|x64
		{E5F82E91-1532-4862-965A-F47D3C5B359B}.Debug|x64.Build.0 = Debug|x64
		{E5F82E91-1532-4862-965A-F47D3C5B359B}.Debug|x86.ActiveCfg = Debug|Win32
		{E5F82E91-1532-4862-965A-F47D3C5B359B}.Debug|x86.Build.0 = Debug|Win32
		{E5F82E91-1532-4862-965A-F47D3C5B359B}.Release|Any CPU.ActiveCfg = Release|x64
		{E5F82E91-1532-4862-965A-F47D3C5B359B}.Release|Any CPU.Build.0 = Release|x64
		{E5F82E91-1532-4862-965A-F47D3C5B359B}.Release|x64.ActiveCfg = Release|x64
		{E5F82E91-1532-4862-965A-F47D3C5B359B}.Release|x64.Build.0 = Release|x64
		{E5F82E91-1532-4862-965A-F47D3C5B359B}.Release|x86.ActiveCfg = Release|Win32
		{E5F82E91-1532-4862-965A-F47D3C5B359B}.Release|x86.Build.0 = Release|Win32
		{E173B9EA-3954-4D6B-A462-29FA30FB05DA}.Debug|Any CPU.ActiveCfg = Debug|x64
		{E173B9EA-3954-4D6B-A462-29FA30FB05DA}.Debug|Any CPU.Build.0 = Debug|x64
		{E173B9EA-3954-4D6B-A462-29FA30FB05DA}.Debug|x64.ActiveCfg = Debug|x64
		{E173B9EA-3954-4D6B-A462-29FA30FB05DA}.Debug|x64.Build.0 = Debug|x64
		{E173B9EA-3954-4D6B-A462-29FA30FB05DA}.Debug|x86.ActiveCfg = Debug|Win32
		{E173B9EA-3954-4D6B-A462-29FA30FB05DA}.Debug|x86.Build.0 = Debug|Win32
		{E173B9EA-3954-4D6B-A462-29FA30FB05DA}.Release|Any CPU.ActiveCfg = Release|x64
		{E173B9EA-3954-4D6B-A462-29FA30FB05DA}.Release|Any CPU.Build.0 = Release|x64
		{E173B9EA-3954-4D6B-A462-29FA30FB05DA}.Release|x64.ActiveCfg = Release|x64
		{E173B9EA-3954-4D6B-A462-29FA30FB05DA}.Release|x64.Build.0 = Release|x64
		{E173B9EA-3954-4D6B-A462-29FA30FB05DA}.Release|x86.ActiveCfg = Release|Win32
		{E173B9EA-3954-4D6B-A462-29FA30FB05DA}.Release|x86.Build.0 = Release|Win32
		{5B5C4E6F-AD48-4A9D-A457-DB0C41242E3D}.Debug|Any CPU.ActiveCfg = Debug|x64
		{5B5C4E6F-AD48-4A9D-A457-DB0C41242E3D}.Debug|Any CPU.Build.0 = Debug|x64
		{5B5C4E6F-AD48-4A9D-A457-DB0C41242E3D}.Debug|x64.ActiveCfg = Debug|x64
		{5B5C4E6F-AD48-4A9D-A457-DB0C41242E3D}.Debug|x64.Build.0 = Debug|x64
		{5B5C4E6F-AD48-4A9D-A457-DB0C41242E3D}.Debug|x86.ActiveCfg = Debug|Win32
		{5B5C4E6F-AD48-4A9D-A457-DB0C41242E3D}.Debug|x86.Build.0 = Debug|Win32
		{5B5C4E6F-AD48-4A9D-A457-DB0C41242E3D}.Release|Any CPU.ActiveCfg = Release|x64
		{5B5C4E6F-AD48-4A9D-A457-DB0C41242E3D}.Release|Any CPU.Build.0 = Release|x64
		{5B5C4E6F-AD48-4A9D-A457-DB0C41242E3D}.Release|x64.ActiveCfg = Release|x64
		{5B5C4E6F-AD48-4A9D-A457-DB0C41242E3D}.Release|x64.Build.0 = Release|x64
		{5B5C4E6F-AD48-4A9D-A457-DB0C41242E3D}.Release|x86.ActiveCfg = Release|Win32
		{5B5C4E6F-AD48-4A9D-A457-DB0C41242E3D}.Release|x86.Build.0 = Release|Win32
		{795EE202-C59D-4947-950B-9EDE22C0A85E}.Debug|Any CPU.ActiveCfg = Debug|x64
		{795EE202-C59D-4947-950B-9EDE22C0A85E}.Debug|Any CPU.Build.0 = Debug|x64
		{795EE202-C59D-4947-950B-9EDE22C0A85E}.Debug|x64.ActiveCfg = Debug|x64
		{795EE202-C59D-4947-950B-9EDE22C0A85E}.Debug|x64.Build.0 = Debug|x64
		{795EE202-C59D-4947-950B-9EDE22C0A85E}.Debug|x86.ActiveCfg = Debug|Win32
		{795EE202-C59D-4947-950B-9EDE22C0A85E}.Debug|x86.Build.0 = Debug|Win32
		{795EE202-C59D-4947-950B-9EDE22C0A85E}.Release|Any CPU.ActiveCfg = Release|x64
		{795EE202-C59D-4947-950B-9EDE22C0A85E}.Release|Any CPU.Build.0 = Release|x64
		{795EE202-C59D-4947-950B-9EDE22C0A85E}.Release|x64.ActiveCfg = Release|x64
		{795EE202-C59D-4947-950B-9EDE22C0A85E}.Release|x64.Build.0 = Release|x64
		{795EE202-C59D-4947-950B-9EDE22C0A85E}.Release|x86.ActiveCfg = Release|Win32
		{795EE202-C59D-4947-950B-9EDE22C0A85E}.Release|x86.Build.0 = Release|Win32
		{6151EC5F-E173-4B13-8B61-8BB301A66369}.Debug|Any CPU.ActiveCfg = Debug|x64
		{6151EC5F-E173-4B13-8B61-8BB301A66369}.Debug|Any CPU.Build.0 = Debug|x64
		{6151EC5F-E173-4B13-8B61-8BB301A66369}.Debug|x64.ActiveCfg = Debug|x64
		{6151EC5F-E173-4B13-8B61-8BB301A66369}.Debug|x64.Build.0 = Debug|x64
		{6151EC5F-E173-4B13-8B61-8BB301A66369}.Debug|x86.ActiveCfg = Debug|Win32
		{6151EC5F-E173-4B13-8B61-8BB301A66369}.Debug|x86.Build.0 = Debug|Win32
		{6151EC5F-E173-4B13-8B61-8BB301A66369}.Release|Any CPU.ActiveCfg = Release|x64
		{6151EC5F-E173-4B13-8B61-8BB301A66369}.Release|Any CPU.Build.0 = Release|x64
		{6151EC5F-E173-4B13-8B61-8BB301A66369}.Release|x64.ActiveCfg = Release|x64
		{6151EC5F-E173-4B13-8B61-8BB301A66369}.Release|x64.Build.0 = Release|x64
		{6151EC5F-E173-4B13-8B61-8BB301A66369}.Release|x86.ActiveCfg = Release|Win32
		{6151EC5F-E173-4B13-8B61-8BB301A66369}.Release|x86.Build.0 = Release|Win32
		{FF5347DD-3ACF-480C-B860-FF296510B751}.Debug|Any CPU.ActiveCfg = Debug|x64
		{FF5347DD-3ACF-480C-B860-FF296510B751}.Debug|Any CPU.Build.0 = Debug|x64
		{FF5347DD-3ACF-480C-B860-FF296510B751}.Debug|x64.ActiveCfg = Debug|x64
		{FF5347DD-3ACF-480C-B860-FF296510B751}.Debug|x64.Build.0 = Debug|x64
		{FF5347DD-3ACF-480C-B860-FF296510B751}.Debug|x86.ActiveCfg = Debug|Win32
		{FF5347DD-3ACF-480C-B860-FF296510B751}.Debug|x86.Build.0 = Debug|Win32
		{FF5347DD-3ACF-480C-B860-FF296510B751}.Release|Any CPU.ActiveCfg = Release|x64
		{FF5347DD-3ACF-480C-B860-FF296510B751}.Release|Any CPU.Build.0 = Release|x64
		{FF5347DD-3ACF-480C-B860-FF296510B751}.Release|x64.ActiveCfg = Release|x64
		{FF5347DD-3ACF-480C-B860-FF296510B751}.Release|x64.Build.0 = Release|x64
		{FF5347DD-3ACF-480C-B860-FF296510B751}.Release|x86.ActiveCfg = Release|Win32
		{FF5347DD-3ACF-480C-B860-FF296510B751}.Release|x86.Build.0 = Release|Win32
		{5CC08CD7-B1A1-410D-873C-BC45C23F725C}.Debug|Any CPU.ActiveCfg = Debug|x64
		{5CC08CD7-B1A1-410D-873C-BC45C23F725C}.Debug|Any CPU.Build.0 = Debug|x64
		{5CC08CD7-B1A1-410D-873C-BC45C23F725C}.Debug|x64.ActiveCfg = Debug|x64
		{5CC08CD7-B1A1-410D-873C-BC45C23F725C}.Debug|x64.Build.0 = Debug|x64
		{5CC08CD7-B1A1-410D-873C-BC45C23F725C}.Debug|x86.ActiveCfg = Debug|Win32
		{5CC08CD7-B1A1-410D-873C-BC45C23F725C}.Debug|x86.Build.0 = Debug|Win32
		{5CC08CD7-B1A1-410D-873C-BC45C23F725C}.Release|Any CPU.ActiveCfg = Release|x64
		{5CC08CD7-B1A1-410D-873C-BC45C23F725C}.Release|Any CPU.Build.0 = Release|x64
		{5CC08CD7-B1A1-410D-873C-BC45C23F725C}.Release|x64.ActiveCfg = Release|x64
		{5CC08CD7-B1A1-410D-873C-BC45C23F725C}.Release|x64.Build.0 = Release|x64
		{5CC08CD7-B1A1-410D-873C-BC45C23F725C}.Release|x86.ActiveCfg = Release|Win32
		{5CC08CD7-B1A1-410D-873C-BC45C23F725C}.Release|x86.Build.0 = Release|Win32
		{3256DB88-14AE-400A-8229-9195A6D71084}.Debug|Any CPU.ActiveCfg = Debug|x64
		{3256DB88-14AE-400A-8229-9195A6D71084}.Debug|Any CPU.Build.0 = Debug|x64
		{3256DB88-14AE-400A-8229-9195A6D71084}.Debug|x64.ActiveCfg = Debug|x64
		{3256DB88-14AE-400A-8229-9195A6D71084}.Debug|x64.Build.0 = Debug|x64
		{3256DB88-14AE-400A-8229-9195A6D71084}.Debug|x86.ActiveCfg = Debug|Win32
		{3256DB88-14AE-400A-8229-9195A6D71084}.Debug|x86.Build.0 = Debug|Win32
		{3256DB88-14AE-400A-8229-9195A6D71084}.Release|Any CPU.ActiveCfg = Release|x64
		{3256DB88-14AE-400A-8229-9195A6D71084}.Release|Any CPU.Build.0 = Release|x64
		{3256DB88-14AE-400A-8229-9195A6D71084}.Release|x64.ActiveCfg = Release|x64
		{3256DB88-14AE-400A-8229-9195A6D71084}.Release|x64.Build.0 = Release|x64
		{3256DB88-14AE-400A-8229-9195A6D71084}.Release|x86.ActiveCfg = Release|Win32
		{3256DB88-14AE-400A-8229-9195A6D71084}.Release|x86.Build.0 = Release|Win32
		{0EDC0067-B619-4490-A5AE-76B2DFFA39B5}.Debug|Any CPU.ActiveCfg = Debug|x64
		{0EDC0067-B619-4490-A5AE-76B2DFFA39B5}.Debug|Any CPU.Build.0 = Debug|x64
		{0EDC0067-B619-4490-A5AE-76B2DFFA39B5}.Debug|x64.ActiveCfg = Debug|x64
		{0EDC0067-B619-4490-A5AE-76B2DFFA39B5}.Debug|x64.Build.0 = Debug|x64
		{0EDC0067-B619-4490-A5AE-76B2DFFA39B5}.Debug|x86.ActiveCfg = Debug|Win32
		{0EDC0067-B619-4490-A5AE-76B2DFFA39B5}.Debug|x86.Build.0 = Debug|Win32
		{0EDC0067-B619-4490-A5AE-76B2DFFA39B5}.Release|Any CPU.ActiveCfg = Release|x64
		{0EDC0067-B619-4490-A5AE-76B2DFFA39B5}.Release|Any CPU.Build.0 = Release|x64
		{0EDC0067-B619-4490-A5AE-76B2DFFA39B5}.Release|x64.ActiveCfg = Release|x64
		{0EDC0067-B619-4490-A5AE-76B2DFFA39B5}.Release|x64.Build.0 = Release|x64
		{0EDC0067-B619-4490-A5AE-76B2DFFA39B5}.Release|x86.ActiveCfg = Release|Win32
		{0EDC0067-B619-4490-A5AE-76B2DFFA39B5}.Release|x86.Build.0 = Release|Win32
		{C2C3B807-CB08-40B5-B89C-422E7E841EFE}.Debug|Any CPU.ActiveCfg = Debug|x64
		{C2C3B807-CB08-40B5-B89C-422E7E841EFE}.Debug|Any CPU.Build.0 = Debug|x64
		{C2C3B807-CB08-40B5-B89C-422E7E841EFE}.Debug|x64.ActiveCfg = Debug|x64
		{C2C3B807-CB08-40B5-B89C-422E7E841EFE}.Debug|x64.Build.0 = Debug|x64
		{C2C3B807-CB08-40B5-B89C-422E7E841EFE}.Debug|x86.ActiveCfg = Debug|Win32
		{C2C3B807-CB08-40B5-B89C-422E7E841EFE}.Debug|x86.Build.0 = Debug|Win32
		{C2C3B807-CB08-40B5-B89C-422E7E841EFE}.Release|Any CPU.ActiveCfg = Release|x64
		{C2C3B807-CB08-40B5-B89C-422E7E841EFE}.Release|Any CPU.Build.0 = Release|x64
		{C2C3B807-CB08-40B5-B89C-422E7E841EFE}.Release|x64.ActiveCfg = Release|x64
		{C2C3B807-CB08-40B5-B89C-422E7E841EFE}.Release|x64.Build.0 = Release|x64
		{C2C3B807-CB08-40B5-B89C-422E7E841EFE}.Release|x86.ActiveCfg = Release|Win32
		{C2C3B807-CB08-40B5-B89C-422E7E841EFE}.Release|x86.Build.0 = Release|Win32
		{F6F1104D-C0DA-4EED-B27A-9A5280077F20}.Debug|Any CPU.ActiveCfg = Debug|x64
		{F6F1104D-C0DA-4EED-B27A-9A5280077F20}.Debug|Any CPU.Build.0 = Debug|x64
		{F6F1104D-C0DA-4EED-B27A-9A5280077F20}.Debug|x64.ActiveCfg = Debug|x64
		{F6F1104D-C0DA-4EED-B27A-9A5280077F20}.Debug|x64.Build.0 = Debug|x64
		{F6F1104D-C0DA-4EED-B27A-9A5280077F20}.Debug|x86.ActiveCfg = Debug|Win32
		{F6F1104D-C0DA-4EED-B27A-9A5280077F20}.Debug|x86.Build.0 = Debug|Win32
		{F6F1104D-C0DA-4EED-B27A-9A5280077F20}.Release|Any CPU.ActiveCfg = Release|x64
		{F6F1104D-C0DA-4EED-B27A-9A5280077F20}.Release|Any CPU.Build.0 = Release|x64
		{F6F1104D-C0DA-4EED-B27A-9A5280077F20}.Release|x64.ActiveCfg = Release|x64
		{F6F1104D-C0DA-4EED-B27A-9A5280077F20}.Release|x64.Build.0 = Release|x64
		{F6F1104D-C0DA-4EED-B27A-9A5280077F20}.Release|x86.ActiveCfg = Release|Win32
		{F6F1104D-C0DA-4EED-B27A-9A5280077F20}.Release|x86.Build.0 = Release|Win32
		{75672CB6-20F6-4153-B812-2CAC5F05D07A}.Debug|Any CPU.ActiveCfg = Debug|x64
		{75672CB6-20F6-4153-B812-2CAC5F05D07A}.Debug|Any CPU.Build.0 = Debug|x64
		{75672CB6-20F6-4153-B812-2CAC5F05D07A}.Debug|x64.ActiveCfg = Debug|x64
		{75672CB6-20F6-4153-B812-2CAC5F05D07A}.Debug|x64.Build.0 = Debug|x64
		{75672CB6-20F6-4153-B812-2CAC5F05D07A}.Debug|x86.ActiveCfg = Debug|Win32
		{75672CB6-20F6-4153-B812-2CAC5F05D07A}.Debug|x86.Build.0 = Debug|Win32
		{75672CB6-20F6-4153-B812-2CAC5F05D07A}.Release|Any CPU.ActiveCfg = Release|x64
		{75672CB6-20F6-4153-B812-2CAC5F05D07A}.Release|Any CPU.Build.0 = Release|x64
		{75672CB6-20F6-4153-B812-2CAC5F05D07A}.Release|x64.ActiveCfg = Release|x64
		{75672CB6-20F6-4153-B812-2CAC5F05D07A}.Release|x64.Build.0 = Release|x64
		{75672CB6-20F6-4153-B812-2CAC5F05D07A}.Release|x86.ActiveCfg = Release|Win32
		{75672CB6-20F6-4153-B812-2CAC5F05D07A}.Release|x86.Build.0 = Release|Win32
		{ACE478BC-DC2A-474B-B030-1BA35E82D252}.Debug|Any CPU.ActiveCfg = Debug|x64
		{ACE478BC-DC2A-474B-B030-1BA35E82D252}.Debug|Any CPU.Build.0 = Debug|x64
		{ACE478BC-DC2A-474B-B030-1BA35E82D252}.Debug|x64.ActiveCfg = Debug|x64
		{ACE478BC-DC2A-474B-B030-1BA35E82D252}.Debug|x64.Build.0 = Debug|x64
		{ACE478BC-DC2A-474B-B030-1BA35E82D252}.Debug|x86.ActiveCfg = Debug|Win32
		{ACE478BC-DC2A-474B-B030-1BA35E82D252}.Debug|x86.Build.0 = Debug|Win32
		{ACE478BC-DC2A-474B-B030-1BA35E82D252}.Release|Any CPU.ActiveCfg = Release|x64
		{ACE478BC-DC2A-474B-B030-1BA35E82D252}.Release|Any CPU.Build.0 = Release|x64
		{ACE478BC-DC2A-474B-B030-1BA35E82D252}.Release|x64.ActiveCfg = Release|x64
		{ACE478BC-DC2A-474B-B030-1BA35E82D252}.Release|x64.Build.0 = Release|x64
		{ACE478BC-DC2A-474B-B030-1BA35E82D252}.Release|x86.ActiveCfg = Release|Win32
		{ACE478BC-DC2A-474B-B030-1BA35E82D252}.Release|x86.Build.0 = Release|Win32
		{7E53ADCF-709B-4C80-86A4-D51AC8A4BFBF}.Debug|Any CPU.ActiveCfg = Debug|x64
		{7E53ADCF-709B-4C80-86A4-D51AC8A4BFBF}.Debug|Any CPU.Build.0 = Debug|x64
		{7E53ADCF-709B-4C80-86A4-D51AC8A4BFBF}.Debug|x64.ActiveCfg = Debug|x64
		{7E53ADCF-709B-4C80-86A4-D51AC8A4BFBF}.Debug|x64.Build.0 = Debug|x64
		{7E53ADCF-709B-4C80-86A4-D51AC8A4BFBF}.Debug|x86.ActiveCfg = Debug|Win32
		{7E53ADCF-709B-4C80-86A4-D51AC8A4BFBF}.Debug|x86.Build.0 = Debug|Win32
		{7E53ADCF-709B-4C80-86A4-D51AC8A4BFBF}.Release|Any CPU.ActiveCfg = Release|x64
		{7E53ADCF-709B-4C80-86A4-D51AC8A4BFBF}.Release|Any CPU.Build.0 = Release|x64
		{7E53ADCF-709B-4C80-86A4-D51AC8A4BFBF}.Release|x64.ActiveCfg = Release|x64
		{7E53ADCF-709B-4C80-86A4-D51AC8A4BFBF}.Release|x64.Build.0 = Release|x64
		{7E53ADCF-709B-4C80-86A4-D51AC8A4BFBF}.Release|x86.ActiveCfg = Release|Win32
		{7E53ADCF-709B-4C80-86A4-D51AC8A4BFBF}.Release|x86.Build.0 = Release|Win32
		{649270D2-3B46-4BC2-9466-18D73379FADA}.Debug|Any CPU.ActiveCfg = Debug|x64
		{649270D2-3B46-4BC2-9466-18D73379FADA}.Debug|Any CPU.Build.0 = Debug|x64
		{649270D2-3B46-4BC2-9466-18D73379FADA}.Debug|x64.ActiveCfg = Debug|x64
		{649270D2-3B46-4BC2-9466-18D73379FADA}.Debug|x64.Build.0 = Debug|x64
		{649270D2-3B46-4BC2-9466-18D73379FADA}.Debug|x86.ActiveCfg = Debug|Win32
		{649270D2-3B46-4BC2-9466-18D73379FADA}.Debug|x86.Build.0 = Debug|Win32
		{649270D2-3B46-4BC2-9466-18D73379FADA}.Release|Any CPU.ActiveCfg = Release|x64
		{649270D2-3B46-4BC2-9466-18D73379FADA}.Release|Any CPU.Build.0 = Release|x64
		{649270D2-3B46-4BC2-9466-18D73379FADA}.Release|x64.ActiveCfg = Release|x64
		{649270D2-3B46-4BC2-9466-18D73379FADA}.Release|x64.Build.0 = Release|x64
		{649270D2-3B46-4BC2-9466-18D73379FADA}.Release|x86.ActiveCfg = Release|Win32
		{649270D2-3B46-4BC2-9466-18D73379FADA}.Release|x86.Build.0 = Release|Win32
		{5A9AA11D-81F9-4DAD-8418-357CDA27A957}.Debug|Any CPU.ActiveCfg = Debug|x64
		{5A9AA11D-81F9-4DAD-8418-357CDA27A957}.Debug|Any CPU.Build.0 = Debug|x64
		{5A9AA11D-81F9-4DAD-8418-357CDA27A957}.Debug|x64.ActiveCfg = Debug|x64
		{5A9AA11D-81F9-4DAD-8418-357CDA27A957}.Debug|x64.Build.0 = Debug|x64
		{5A9AA11D-81F9-4DAD-8418-357CDA27A957}.Debug|x86.ActiveCfg = Debug|Win32
		{5A9AA11D-81F9-4DAD-8418-357CDA27A957}.Debug|x86.Build.0 = Debug|Win32
		{5A9AA11D-81F9-4DAD-8418-357CDA27A957}.Release|Any CPU.ActiveCfg = Release|x64
		{5A9AA11D-81F9-4DAD-8418-357CDA27A957}.Release|Any CPU.Build.0 = Release|x64
		{5A9AA11D-81F9-4DAD-8418-357CDA27A957}.Release|x64.ActiveCfg = Release|x64
		{5A9AA11D-81F9-4DAD-8418-357CDA27A957}.Release|x64.Build.0 = Release|x64
		{5A9AA11D-81F9-4DAD-8418-357CDA27A957}.Release|x86.ActiveCfg = Release|Win32
		{5A9AA11D-81F9-4DAD-8418-357CDA27A957}.Release|x86.Build.0 = Release|Win32
		{3CFC5450-09B4-4D36-9206-855F68A973AD}.Debug|Any CPU.ActiveCfg = Debug|x64
		{3CFC5450-09B4-4D36-9206-855F68A973AD}.Debug|Any CPU.Build.0 = Debug|x64
		{3CFC5450-09B4-4D36-9206-855F68A973AD}.Debug|x64.ActiveCfg = Debug|x64
		{3CFC5450-09B4-4D36-9206-855F68A973AD}.Debug|x64.Build.0 = Debug|x64
		{3CFC5450-09B4-4D36-9206-855F68A973AD}.Debug|x86.ActiveCfg = Debug|Win32
		{3CFC5450-09B4-4D36-9206-855F68A973AD}.Debug|x86.Build.0 = Debug|Win32
		{3CFC5450-09B4-4D36-9206-855F68A973AD}.Release|Any CPU.ActiveCfg = Release|x64
		{3CFC5450-09B4-4D36-9206-855F68A973AD}.Release|Any CPU.Build.0 = Release|x64
		{3CFC5450-09B4-4D36-9206-855F68A973AD}.Release|x64.ActiveCfg = Release|x64
		{3CFC5450-09B4-4D36-9206-855F68A973AD}.Release|x64.Build.0 = Release|x64
		{3CFC5450-09B4-4D36-9206-855F68A973AD}.Release|x86.ActiveCfg = Release|Win32
		{3CFC5450-09B4-4D36-9206-855F68A973AD}.Release|x86.Build.0 = Release|Win32
		{30938619-43B4-485E-8C8B-79657FAD5D87}.Debug|Any CPU.ActiveCfg = Debug|x64
		{30938619-43B4-485E-8C8B-79657FAD5D87}.Debug|Any CPU.Build.0 = Debug|x64
		{30938619-43B4-485E-8C8B-79657FAD5D87}.Debug|x64.ActiveCfg = Debug|x64
		{30938619-43B4-485E-8C8B-79657FAD5D87}.Debug|x64.Build.0 = Debug|x64
		{30938619-43B4-485E-8C8B-79657FAD5D87}.Debug|x86.ActiveCfg = Debug|Win32
		{30938619-43B4-485E-8C8B-79657FAD5D87}.Debug|x86.Build.0 = Debug|Win32
		{30938619-43B4-485E-8C8B-79657FAD5D87}.Release|Any CPU.ActiveCfg = Release|x64
		{30938619-43B4-485E-8C8B-79657FAD5D87}.Release|Any CPU.Build.0 = Release|x64
		{30938619-43B4-485E-8C8B-79657FAD5D87}.Release|x64.ActiveCfg = Release|x64
		{30938619-43B4-485E-8C8B-79657FAD5D87}.Release|x64.Build.0 = Release|x64
		{30938619-43B4-485E-8C8B-79657FAD5D87}.Release|x86.ActiveCfg = Release|Win32
		{30938619-43B4-485E-8C8B-79657FAD5D87}.Release|x86.Build.0 = Release|Win32
		{79A97171-7948-4735-BC10-D4CEA798C814}.Debug|Any CPU.ActiveCfg = Debug|x64
		{79A97171-7948-4735-BC10-D4CEA798C814}.Debug|Any CPU.Build.0 = Debug|x64
		{79A97171-7948-4735-BC10-D4CEA798C814}.Debug|x64.ActiveCfg = Debug|x64
		{79A97171-7948-4735-BC10-D4CEA798C814}.Debug|x64.Build.0 = Debug|x64
		{79A97171-7948-4735-BC10-D4CEA798C814}.Debug|x86.ActiveCfg = Debug|Win32
		{79A97171-7948-4735-BC10-D4CEA798C814}.Debug|x86.Build.0 = Debug|Win32
		{79A97171-7948-4735-BC10-D4CEA798C814}.Release|Any CPU.ActiveCfg = Release|x64
		{79A97171-7948-4735-BC10-D4CEA798C814}.Release|Any CPU.Build.0 = Release|x64
		{79A97171-7948-4735-BC10-D4CEA798C814}.Release|x64.ActiveCfg = Release|x64
		{79A97171-7948-4735-BC10-D4CEA798C814}.Release|x64.Build.0 = Release|x64
		{79A97171-7948-4735-BC10-D4CEA798C814}.Release|x86.ActiveCfg = Release|Win32
		{79A97171-7948-4735-BC10-D4CEA798C814}.Release|x86.Build.0 = Release|Win32
		{CDAA21F2-4AB2-4E93-ACEE-1E7466BD56CC}.Debug|Any CPU.ActiveCfg = Debug|x64
		{CDAA21F2-4AB2-4E93-ACEE-1E7466BD56CC}.Debug|Any CPU.Build.0 = Debug|x64
		{CDAA21F2-4AB2-4E93-ACEE-1E7466BD56CC}.Debug|x64.ActiveCfg = Debug|x64
		{CDAA21F2-4AB2-4E93-ACEE-1E7466BD56CC}.Debug|x64.Build.0 = Debug|x64
		{CDAA21F2-4AB2-4E93-ACEE-1E7466BD56CC}.Debug|x86.ActiveCfg = Debug|Win32
		{CDAA21F2-4AB2-4E93-ACEE-1E7466BD56CC}.Debug|x86.Build.0 = Debug|Win32
		{CDAA21F2-4AB2-4E93-ACEE-1E7466BD56CC}.Release|Any CPU.ActiveCfg = Release|x64
		{CDAA21F2-4AB2-4E93-ACEE-1E7466BD56CC}.Release|Any CPU.Build.0 = Release|x64
		{CDAA21F2-4AB2-4E93-ACEE-1E7466BD56CC}.Release|x64.ActiveCfg = Release|x64
		{CDAA21F2-4AB2-4E93-ACEE-1E7466BD56CC}.Release|x64.Build.0 = Release|x64
		{CDAA21F2-4AB2-4E93-ACEE-1E7466BD56CC}.Release|x86.ActiveCfg = Release|Win32
		{CDAA21F2-4AB2-4E93-ACEE-1E7466BD56CC}.Release|x86.Build.0 = Release|Win32
		{E25BDBBA-B12F-4F83-89F3-E53D64151FF3}.Debug|Any CPU.ActiveCfg = Debug|x64
		{E25BDBBA-B12F-4F83-89F3-E53D64151FF3}.Debug|Any CPU.Build.0 = Debug|x64
		{E25BDBBA-B12F-4F83-89F3-E53D64151FF3}.Debug|x64.ActiveCfg = Debug|x64
		{E25BDBBA-B12F-4F83-89F3-E53D64151FF3}.Debug|x64.Build.0 = Debug|x64
		{E25BDBBA-B12F-4F83-89F3-E53D64151FF3}.Debug|x86.ActiveCfg = Debug|Win32
		{E25BDBBA-B12F-4F83-89F3-E53D64151FF3}.Debug|x86.Build.0 = Debug|Win32
		{E25BDBBA-B12F-4F83-89F3-E53D64151FF3}.Release|Any CPU.ActiveCfg = Release|x64
		{E25BDBBA-B12F-4F83-89F3-E53D64151FF3}.Release|Any CPU.Build.0 = Release|x64
		{E25BDBBA-B12F-4F83-89F3-E53D64151FF3}.Release|x64.ActiveCfg = Release|x64
		{E25BDBBA-B12F-4F83-89F3-E53D64151FF3}.Release|x64.Build.0 = Release|x64
		{E25BDBBA-B12F-4F83-89F3-E53D64151FF3}.Release|x86.ActiveCfg = Release|Win32
		{E25BDBBA-B12F-4F83-89F3-E53D64151FF3}.Release|x86.Build.0 = Release|Win32
		{745F71EC-8C82-4062-89A3-65767CEA09FD}.Debug|Any CPU.ActiveCfg = Debug|x64
		{745F71EC-8C82-4062-89A3-65767CEA09FD}.Debug|Any CPU.Build.0 = Debug|x64
		{745F71EC-8C82-4062-89A3-65767CEA09FD}.Debug|x64.ActiveCfg = Debug|x64
		{745F71EC-8C82-4062-89A3-65767CEA09FD}.Debug|x64.Build.0 = Debug|x64
		{745F71EC-8C82-4062-89A3-65767CEA09FD}.Debug|x86.ActiveCfg = Debug|Win32
		{745F71EC-8C82-4062-89A3-65767CEA09FD}.Debug|x86.Build.0 = Debug|Win32
		{745F71EC-8C82-4062-89A3-65767CEA09FD}.Release|Any CPU.ActiveCfg = Release|x64
		{745F71EC-8C82-4062-89A3-65767CEA09FD}.Release|Any CPU.Build.0 = Release|x64
		{745F71EC-8C82-4062-89A3-65767CEA09FD}.Release|x64.ActiveCfg = Release|x64
		{745F71EC-8C82-4062-89A3-65767CEA09FD}.Release|x64.Build.0 = Release|x64
		{745F71EC-8C82-4062-89A3-65767CEA09FD}.Release|x86.ActiveCfg = Release|Win32
		{745F71EC-8C82-4062-89A3-65767CEA09FD}.Release|x86.Build.0 = Release|Win32
		{EF06A8CF-26D0-46E7-94E1-43690CA76748}.Debug|Any CPU.ActiveCfg = Debug|x64
		{EF06A8CF-26D0-46E7-94E1-43690CA76748}.Debug|Any CPU.Build.0 = Debug|x64
		{EF06A8CF-26D0-46E7-94E1-43690CA76748}.Debug|x64.ActiveCfg = Debug|x64
		{EF06A8CF-26D0-46E7-94E1-43690CA76748}.Debug|x64.Build.0 = Debug|x64
		{EF06A8CF-26D0-46E7-94E1-43690CA76748}.Debug|x86.ActiveCfg = Debug|Win32
		{EF06A8CF-26D0-46E7-94E1-43690CA76748}.Debug|x86.Build.0 = Debug|Win32
		{EF06A8CF-26D0-46E7-94E1-43690CA76748}.Release|Any CPU.ActiveCfg = Release|x64
		{EF06A8CF-26D0-46E7-94E1-43690CA76748}.Release|Any CPU.Build.0 = Release|x64
		{EF06A8CF-26D0-46E7-94E1-43690CA76748}.Release|x64.ActiveCfg = Release|x64
		{EF06A8CF-26D0-46E7-94E1-43690CA76748}.Release|x64.Build.0 = Release|x64
		{EF06A8CF-26D0-46E7-94E1-43690CA76748}.Release|x86.ActiveCfg = Release|Win32
		{EF06A8CF-26D0-46E7-94E1-43690CA76748}.Release|x86.Build.0 = Release|Win32
		{25E9D429-84F2-49E0-8097-4D365F09C8B2}.Debug|Any CPU.ActiveCfg = Debug|x64
		{25E9D429-84F2-49E0-8097-4D365F09C8B2}.Debug|Any CPU.Build.0 = Debug|x64
		{25E9D429-84F2-49E0-8097-4D365F09C8B2}.Debug|x64.ActiveCfg = Debug|x64
		{25E9D429-84F2-49E0-8097-4D365F09C8B2}.Debug|x64.Build.0 = Debug|x64
		{25E9D429-84F2-49E0-8097-4D365F09C8B2}.Debug|x86.ActiveCfg = Debug|Win32
		{25E9D429-84F2-49E0-8097-4D365F09C8B2}.Debug|x86.Build.0 = Debug|Win32
		{25E9D429-84F2-49E0-8097-4D365F09C8B2}.Release|Any CPU.ActiveCfg = Release|x64
		{25E9D429-84F2-49E0-8097-4D365F09C8B2}.Release|Any CPU.Build.0 = Release|x64
		{25E9D429-84F2-49E0-8097-4D365F09C8B2}.Release|x64.ActiveCfg = Release|x64
		{25E9D429-84F2-49E0-8097-4D365F09C8B2}.Release|x64.Build.0 = Release|x64
		{25E9D429-84F2-49E0-8097-4D365F09C8B2}.Release|x86.ActiveCfg = Release|Win32
		{25E9D429-84F2-49E0-8097-4D365F09C8B2}.Release|x86.Build.0 = Release|Win32
		{182F6FA9-20A6-4FD4-9A81-2AE57E0A2C51}.Debug|Any CPU.ActiveCfg = Debug|x64
		{182F6FA9-20A6-4FD4-9A81-2AE57E0A2C51}.Debug|Any CPU.Build.0 = Debug|x64
		{182F6FA9-20A6-4FD4-9A81-2AE57E0A2C51}.Debug|x64.ActiveCfg = Debug|x64
		{182F6FA9-20A6-4FD4-9A81-2AE57E0A2C51}.Debug|x64.Build.0 = Debug|x64
		{182F6FA9-20A6-4FD4-9A81-2AE57E0A2C51}.Debug|x86.ActiveCfg = Debug|Win32
		{182F6FA9-20A6-4FD4-9A81-2AE57E0A2C51}.Debug|x86.Build.0 = Debug|Win32
		{182F6FA9-20A6-4FD4-9A81-2AE57E0A2C51}.Release|Any CPU.ActiveCfg = Release|x64
		{182F6FA9-20A6-4FD4-9A81-2AE57E0A2C51}.Release|Any CPU.Build.0 = Release|x64
		{182F6FA9-20A6-4FD4-9A81-2AE57E0A2C51}.Release|x64.ActiveCfg = Release|x64
		{182F6FA9-20A6-4FD4-9A81-2AE57E0A2C51}.Release|x64.Build.0 = Release|x64
		{182F6FA9-20A6-4FD4-9A81-2AE57E0A2C51}.Release|x86.ActiveCfg = Release|Win32
		{182F6FA9-20A6-4FD4-9A81-2AE57E0A2C51}.Release|x86.Build.0 = Release|Win32
		{BB1F7DEF-C2A7-4F02-8E99-C606B91AD56D}.Debug|Any CPU.ActiveCfg = Debug|x64
		{BB1F7DEF-C2A7-4F02-8E99-C606B91AD56D}.Debug|Any CPU.Build.0 = Debug|x64
		{BB1F7DEF-C2A7-4F02-8E99-C606B91AD56D}.Debug|x64.ActiveCfg = Debug|x64
		{BB1F7DEF-C2A7-4F02-8E99-C606B91AD56D}.Debug|x64.Build.0 = Debug|x64
		{BB1F7DEF-C2A7-4F02-8E99-C606B91AD56D}.Debug|x86.ActiveCfg = Debug|Win32
		{BB1F7DEF-C2A7-4F02-8E99-C606B91AD56D}.Debug|x86.Build.0 = Debug|Win32
		{BB1F7DEF-C2A7-4F02-8E99-C606B91AD56D}.Release|Any CPU.ActiveCfg = Release|x64
		{BB1F7DEF-C2A7-4F02-8E99-C606B91AD56D}.Release|Any CPU.Build.0 = Release|x64
		{BB1F7DEF-C2A7-4F02-8E99-C606B91AD56D}.Release|x64.ActiveCfg = Release|x64
		{BB1F7DEF-C2A7-4F02-8E99-C606B91AD56D}.Release|x64.Build.0 = Release|x64
		{BB1F7DEF-C2A7-4F02-8E99-C606B91AD56D}.Release|x86.ActiveCfg = Release|Win32
		{BB1F7DEF-C2A7-4F02-8E99-C606B91AD56D}.Release|x86.Build.0 = Release|Win32
		{F73DA0FE-05E3-4447-B26F-A95A661B0019}.Debug|Any CPU.ActiveCfg = Debug|x64
		{F73DA0FE-05E3-4447-B26F-A95A661B0019}.Debug|Any CPU.Build.0 = Debug|x64
		{F73DA0FE-05E3-4447-B26F-A95A661B0019}.Debug|x64.ActiveCfg = Debug|x64
		{F73DA0FE-05E3-4447-B26F-A95A661B0019}.Debug|x64.Build.0 = Debug|x64
		{F73DA0FE-05E3-4447-B26F-A95A661B0019}.Debug|x86.ActiveCfg = Debug|Win32
		{F73DA0FE-05E3-4447-B26F-A95A661B0019}.Debug|x86.Build.0 = Debug|Win32
		{F73DA0FE-05E3-4447-B26F-A95A661B0019}.Release|Any CPU.ActiveCfg = Release|x64
		{F73DA0FE-05E3-4447-B26F-A95A661B0019}.Release|Any CPU.Build.0 = Release|x64
		{F73DA0FE-05E3-4447-B26F-A95A661B0019}.Release|x64.ActiveCfg = Release|x64
		{F73DA0FE-05E3-4447-B26F-A95A661B0019}.Release|x64.Build.0 = Release|x64
		{F73DA0FE-05E3-4447-B26F-A95A661B0019}.Release|x86.ActiveCfg = Release|Win32
		{F73DA0FE-05E3-4447-B26F-A95A661B0019}.Release|x86.Build.0 = Release|Win32
		{0A18F57B-16B7-47F9-AF9A-257D478211BD}.Debug|Any CPU.ActiveCfg = Debug|x64
		{0A18F57B-16B7-47F9-AF9A-257D478211BD}.Debug|Any CPU.Build.0 = Debug|x64
		{0A18F57B-16B7-47F9-AF9A-257D478211BD}.Debug|x64.ActiveCfg = Debug|x64
		{0A18F57B-16B7-47F9-AF9A-257D478211BD}.Debug|x64.Build.0 = Debug|x64
		{0A18F57B-16B7-47F9-AF9A-257D478211BD}.Debug|x86.ActiveCfg = Debug|Win32
		{0A18F57B-16B7-47F9-AF9A-257D478211BD}.Debug|x86.Build.0 = Debug|Win32
		{0A18F57B-16B7-47F9-AF9A-257D478211BD}.Release|Any CPU.ActiveCfg = Release|x64
		{0A18F57B-16B7-47F9-AF9A-257D478211BD}.Release|Any CPU.Build.0 = Release|x64
		{0A18F57B-16B7-47F9-AF9A-257D478211BD}.Release|x64.ActiveCfg = Release|x64
		{0A18F57B-16B7-47F9-AF9A-257D478211BD}.Release|x64.Build.0 = Release|x64
		{0A18F57B-16B7-47F9-AF9A-257D478211BD}.Release|x86.ActiveCfg = Release|Win32
		{0A18F57B-16B7-47F9-AF9A-257D478211BD}.Release|x86.Build.0 = Release|Win32
		{43A0B495-8EC6-459A-88E2-86E92702C4AC}.Debug|Any CPU.ActiveCfg = Debug|x64
		{43A0B495-8EC6-459A-88E2-86E92702C4AC}.Debug|Any CPU.Build.0 = Debug|x64
		{43A0B495-8EC6-459A-88E2-86E92702C4AC}.Debug|x64.ActiveCfg = Debug|x64
		{43A0B495-8EC6-459A-88E2-86E92702C4AC}.Debug|x64.Build.0 = Debug|x64
		{43A0B495-8EC6-459A-88E2-86E92702C4AC}.Debug|x86.ActiveCfg = Debug|Win32
		{43A0B495-8EC6-459A-88E2-86E92702C4AC}.Debug|x86.Build.0 = Debug|Win32
		{43A0B495-8EC6-459A-88E2-86E92702C4AC}.Release|Any CPU.ActiveCfg = Release|x64
		{43A0B495-8EC6-459A-88E2-86E92702C4AC}.Release|Any CPU.Build.0 = Release|x64
		{43A0B495-8EC6-459A-88E2-86E92702C4AC}.Release|x64.ActiveCfg = Release|x64
		{43A0B495-8EC6-459A-88E2-86E92702C4AC}.Release|x64.Build.0 = Release|x64
		{43A0B495-8EC6-459A-88E2-86E92702C4AC}.Release|x86.ActiveCfg = Release|Win32
		{43A0B495-8EC6-459A-88E2-86E92702C4AC}.Release|x86.Build.0 = Release|Win32
		{FE90C3D4-F520-4108-99EF-875BF3611FEA}.Debug|Any CPU.ActiveCfg = Debug|x64
		{FE90C3D4-F520-4108-99EF-875BF3611FEA}.Debug|Any CPU.Build.0 = Debug|x64
		{FE90C3D4-F520-4108-99EF-875BF3611FEA}.Debug|x64.ActiveCfg = Debug|x64
		{FE90C3D4-F520-4108-99EF-875BF3611FEA}.Debug|x64.Build.0 = Debug|x64
		{FE90C3D4-F520-4108-99EF-875BF3611FEA}.Debug|x86.ActiveCfg = Debug|Win32
		{FE90C3D4-F520-4108-99EF-875BF3611FEA}.Debug|x86.Build.0 = Debug|Win32
		{FE90C3D4-F520-4108-99EF-875BF3611FEA}.Release|Any CPU.ActiveCfg = Release|x64
		{FE90C3D4-F520-4108-99EF-875BF3611FEA}.Release|Any CPU.Build.0 = Release|x64
		{FE90C3D4-F520-4108-99EF-875BF3611FEA}.Release|x64.ActiveCfg = Release|x64
		{FE90C3D4-F520-4108-99EF-875BF3611FEA}.Release|x64.Build.0 = Release|x64
		{FE90C3D4-F520-4108-99EF-875BF3611FEA}.Release|x86.ActiveCfg = Release|Win32
		{FE90C3D4-F520-4108-99EF-875BF3611FEA}.Release|x86.Build.0 = Release|Win32
		{057EF275-819F-4396-8437-B9DD9E48E79C}.Debug|Any CPU.ActiveCfg = Debug|x64
		{057EF275-819F-4396-8437-B9DD9E48E79C}.Debug|Any CPU.Build.0 = Debug|x64
		{057EF275-819F-4396-8437-B9DD9E48E79C}.Debug|x64.ActiveCfg = Debug|x64
		{057EF275-819F-4396-8437-B9DD9E48E79C}.Debug|x64.Build.0 = Debug|x64
		{057EF275-819F-4396-8437-B9DD9E48E79C}.Debug|x86.ActiveCfg = Debug|Win32
		{057EF275-819F-4396-8437-B9DD9E48E79C}.Debug|x86.Build.0 = Debug|Win32
		{057EF275-819F-4396-8437-B9DD9E48E79C}.Release|Any CPU.ActiveCfg = Release|x64
		{057EF275-819F-4396-8437-B9DD9E48E79C}.Release|Any CPU.Build.0 = Release|x64
		{057EF275-819F-4396-8437-B9DD9E48E79C}.Release|x64.ActiveCfg = Release|x64
		{057EF275-819F-4396-8437-B9DD9E48E79C}.Release|x64.Build.0 = Release|x64
		{057EF275-819F-4396-8437-B9DD9E48E79C}.Release|x86.ActiveCfg = Release|Win32
		{057EF275-819F-4396-8437-B9DD9E48E79C}.Release|x86.Build.0 = Release|Win32
		{BEC518B3-760A-467C-87A7-D2F207469610}.Debug|Any CPU.ActiveCfg = Debug|x64
		{BEC518B3-760A-467C-87A7-D2F207469610}.Debug|Any CPU.Build.0 = Debug|x64
		{BEC518B3-760A-467C-87A7-D2F207469610}.Debug|x64.ActiveCfg = Debug|x64
		{BEC518B3-760A-467C-87A7-D2F207469610}.Debug|x64.Build.0 = Debug|x64
		{BEC518B3-760A-467C-87A7-D2F207469610}.Debug|x86.ActiveCfg = Debug|Win32
		{BEC518B3-760A-467C-87A7-D2F207469610}.Debug|x86.Build.0 = Debug|Win32
		{BEC518B3-760A-467C-87A7-D2F207469610}.Release|Any CPU.ActiveCfg = Release|x64
		{BEC518B3-760A-467C-87A7-D2F207469610}.Release|Any CPU.Build.0 = Release|x64
		{BEC518B3-760A-467C-87A7-D2F207469610}.Release|x64.ActiveCfg = Release|x64
		{BEC518B3-760A-467C-87A7-D2F207469610}.Release|x64.Build.0 = Release|x64
		{BEC518B3-760A-467C-87A7-D2F207469610}.Release|x86.ActiveCfg = Release|Win32
		{BEC518B3-760A-467C-87A7-D2F207469610}.Release|x86.Build.0 = Release|Win32
		{4EA929EC-60C2-4002-9DCC-FFF90B729F6E}.Debug|Any CPU.ActiveCfg = Debug|Any CPU
		{4EA929EC-60C2-4002-9DCC-FFF90B729F6E}.Debug|Any CPU.Build.0 = Debug|Any CPU
		{4EA929EC-60C2-4002-9DCC-FFF90B729F6E}.Debug|x64.ActiveCfg = Debug|Any CPU
		{4EA929EC-60C2-4002-9DCC-FFF90B729F6E}.Debug|x64.Build.0 = Debug|Any CPU
		{4EA929EC-60C2-4002-9DCC-FFF90B729F6E}.Debug|x86.ActiveCfg = Debug|Any CPU
		{4EA929EC-60C2-4002-9DCC-FFF90B729F6E}.Debug|x86.Build.0 = Debug|Any CPU
		{4EA929EC-60C2-4002-9DCC-FFF90B729F6E}.Release|Any CPU.ActiveCfg = Release|Any CPU
		{4EA929EC-60C2-4002-9DCC-FFF90B729F6E}.Release|Any CPU.Build.0 = Release|Any CPU
		{4EA929EC-60C2-4002-9DCC-FFF90B729F6E}.Release|x64.ActiveCfg = Release|Any CPU
		{4EA929EC-60C2-4002-9DCC-FFF90B729F6E}.Release|x64.Build.0 = Release|Any CPU
		{4EA929EC-60C2-4002-9DCC-FFF90B729F6E}.Release|x86.ActiveCfg = Release|Any CPU
		{4EA929EC-60C2-4002-9DCC-FFF90B729F6E}.Release|x86.Build.0 = Release|Any CPU
		{941FE172-7CF0-4AFE-85C8-EBDC8D904142}.Debug|Any CPU.ActiveCfg = Debug|x64
		{941FE172-7CF0-4AFE-85C8-EBDC8D904142}.Debug|Any CPU.Build.0 = Debug|x64
		{941FE172-7CF0-4AFE-85C8-EBDC8D904142}.Debug|x64.ActiveCfg = Debug|x64
		{941FE172-7CF0-4AFE-85C8-EBDC8D904142}.Debug|x64.Build.0 = Debug|x64
		{941FE172-7CF0-4AFE-85C8-EBDC8D904142}.Debug|x86.ActiveCfg = Debug|Win32
		{941FE172-7CF0-4AFE-85C8-EBDC8D904142}.Debug|x86.Build.0 = Debug|Win32
		{941FE172-7CF0-4AFE-85C8-EBDC8D904142}.Release|Any CPU.ActiveCfg = Release|x64
		{941FE172-7CF0-4AFE-85C8-EBDC8D904142}.Release|Any CPU.Build.0 = Release|x64
		{941FE172-7CF0-4AFE-85C8-EBDC8D904142}.Release|x64.ActiveCfg = Release|x64
		{941FE172-7CF0-4AFE-85C8-EBDC8D904142}.Release|x64.Build.0 = Release|x64
		{941FE172-7CF0-4AFE-85C8-EBDC8D904142}.Release|x86.ActiveCfg = Release|Win32
		{941FE172-7CF0-4AFE-85C8-EBDC8D904142}.Release|x86.Build.0 = Release|Win32
		{264A6090-55E5-4FF5-8071-C82797C665B1}.Debug|Any CPU.ActiveCfg = Debug|x64
		{264A6090-55E5-4FF5-8071-C82797C665B1}.Debug|Any CPU.Build.0 = Debug|x64
		{264A6090-55E5-4FF5-8071-C82797C665B1}.Debug|x64.ActiveCfg = Debug|x64
		{264A6090-55E5-4FF5-8071-C82797C665B1}.Debug|x64.Build.0 = Debug|x64
		{264A6090-55E5-4FF5-8071-C82797C665B1}.Debug|x86.ActiveCfg = Debug|Win32
		{264A6090-55E5-4FF5-8071-C82797C665B1}.Debug|x86.Build.0 = Debug|Win32
		{264A6090-55E5-4FF5-8071-C82797C665B1}.Release|Any CPU.ActiveCfg = Release|x64
		{264A6090-55E5-4FF5-8071-C82797C665B1}.Release|Any CPU.Build.0 = Release|x64
		{264A6090-55E5-4FF5-8071-C82797C665B1}.Release|x64.ActiveCfg = Release|x64
		{264A6090-55E5-4FF5-8071-C82797C665B1}.Release|x64.Build.0 = Release|x64
		{264A6090-55E5-4FF5-8071-C82797C665B1}.Release|x86.ActiveCfg = Release|Win32
		{264A6090-55E5-4FF5-8071-C82797C665B1}.Release|x86.Build.0 = Release|Win32
		{69B44652-6AE4-4580-A00C-5B8643F1D1E8}.Debug|Any CPU.ActiveCfg = Debug|x64
		{69B44652-6AE4-4580-A00C-5B8643F1D1E8}.Debug|Any CPU.Build.0 = Debug|x64
		{69B44652-6AE4-4580-A00C-5B8643F1D1E8}.Debug|x64.ActiveCfg = Debug|x64
		{69B44652-6AE4-4580-A00C-5B8643F1D1E8}.Debug|x64.Build.0 = Debug|x64
		{69B44652-6AE4-4580-A00C-5B8643F1D1E8}.Debug|x86.ActiveCfg = Debug|Win32
		{69B44652-6AE4-4580-A00C-5B8643F1D1E8}.Debug|x86.Build.0 = Debug|Win32
		{69B44652-6AE4-4580-A00C-5B8643F1D1E8}.Release|Any CPU.ActiveCfg = Release|x64
		{69B44652-6AE4-4580-A00C-5B8643F1D1E8}.Release|Any CPU.Build.0 = Release|x64
		{69B44652-6AE4-4580-A00C-5B8643F1D1E8}.Release|x64.ActiveCfg = Release|x64
		{69B44652-6AE4-4580-A00C-5B8643F1D1E8}.Release|x64.Build.0 = Release|x64
		{69B44652-6AE4-4580-A00C-5B8643F1D1E8}.Release|x86.ActiveCfg = Release|Win32
		{69B44652-6AE4-4580-A00C-5B8643F1D1E8}.Release|x86.Build.0 = Release|Win32
		{6E44D32A-E079-43F9-BCDB-30C7244AAFD7}.Debug|Any CPU.ActiveCfg = Debug|x64
		{6E44D32A-E079-43F9-BCDB-30C7244AAFD7}.Debug|Any CPU.Build.0 = Debug|x64
		{6E44D32A-E079-43F9-BCDB-30C7244AAFD7}.Debug|x64.ActiveCfg = Debug|x64
		{6E44D32A-E079-43F9-BCDB-30C7244AAFD7}.Debug|x64.Build.0 = Debug|x64
		{6E44D32A-E079-43F9-BCDB-30C7244AAFD7}.Debug|x86.ActiveCfg = Debug|Win32
		{6E44D32A-E079-43F9-BCDB-30C7244AAFD7}.Debug|x86.Build.0 = Debug|Win32
		{6E44D32A-E079-43F9-BCDB-30C7244AAFD7}.Release|Any CPU.ActiveCfg = Release|x64
		{6E44D32A-E079-43F9-BCDB-30C7244AAFD7}.Release|Any CPU.Build.0 = Release|x64
		{6E44D32A-E079-43F9-BCDB-30C7244AAFD7}.Release|x64.ActiveCfg = Release|x64
		{6E44D32A-E079-43F9-BCDB-30C7244AAFD7}.Release|x64.Build.0 = Release|x64
		{6E44D32A-E079-43F9-BCDB-30C7244AAFD7}.Release|x86.ActiveCfg = Release|Win32
		{6E44D32A-E079-43F9-BCDB-30C7244AAFD7}.Release|x86.Build.0 = Release|Win32
		{86415CC5-8495-4C1E-8E19-720CC4E3630B}.Debug|Any CPU.ActiveCfg = Debug|x64
		{86415CC5-8495-4C1E-8E19-720CC4E3630B}.Debug|Any CPU.Build.0 = Debug|x64
		{86415CC5-8495-4C1E-8E19-720CC4E3630B}.Debug|x64.ActiveCfg = Debug|x64
		{86415CC5-8495-4C1E-8E19-720CC4E3630B}.Debug|x64.Build.0 = Debug|x64
		{86415CC5-8495-4C1E-8E19-720CC4E3630B}.Debug|x86.ActiveCfg = Debug|Win32
		{86415CC5-8495-4C1E-8E19-720CC4E3630B}.Debug|x86.Build.0 = Debug|Win32
		{86415CC5-8495-4C1E-8E19-720CC4E3630B}.Release|Any CPU.ActiveCfg = Release|x64
		{86415CC5-8495-4C1E-8E19-720CC4E3630B}.Release|Any CPU.Build.0 = Release|x64
		{86415CC5-8495-4C1E-8E19-720CC4E3630B}.Release|x64.ActiveCfg = Release|x64
		{86415CC5-8495-4C1E-8E19-720CC4E3630B}.Release|x64.Build.0 = Release|x64
		{86415CC5-8495-4C1E-8E19-720CC4E3630B}.Release|x86.ActiveCfg = Release|Win32
		{86415CC5-8495-4C1E-8E19-720CC4E3630B}.Release|x86.Build.0 = Release|Win32
		{DBC48995-B04E-439D-AEFE-91D1100D8524}.Debug|Any CPU.ActiveCfg = Debug|x64
		{DBC48995-B04E-439D-AEFE-91D1100D8524}.Debug|Any CPU.Build.0 = Debug|x64
		{DBC48995-B04E-439D-AEFE-91D1100D8524}.Debug|x64.ActiveCfg = Debug|x64
		{DBC48995-B04E-439D-AEFE-91D1100D8524}.Debug|x64.Build.0 = Debug|x64
		{DBC48995-B04E-439D-AEFE-91D1100D8524}.Debug|x86.ActiveCfg = Debug|Win32
		{DBC48995-B04E-439D-AEFE-91D1100D8524}.Debug|x86.Build.0 = Debug|Win32
		{DBC48995-B04E-439D-AEFE-91D1100D8524}.Release|Any CPU.ActiveCfg = Release|x64
		{DBC48995-B04E-439D-AEFE-91D1100D8524}.Release|Any CPU.Build.0 = Release|x64
		{DBC48995-B04E-439D-AEFE-91D1100D8524}.Release|x64.ActiveCfg = Release|x64
		{DBC48995-B04E-439D-AEFE-91D1100D8524}.Release|x64.Build.0 = Release|x64
		{DBC48995-B04E-439D-AEFE-91D1100D8524}.Release|x86.ActiveCfg = Release|Win32
		{DBC48995-B04E-439D-AEFE-91D1100D8524}.Release|x86.Build.0 = Release|Win32
		{EE82B43A-BC50-4E17-97A6-A1339739E31C}.Debug|Any CPU.ActiveCfg = Debug|x64
		{EE82B43A-BC50-4E17-97A6-A1339739E31C}.Debug|Any CPU.Build.0 = Debug|x64
		{EE82B43A-BC50-4E17-97A6-A1339739E31C}.Debug|x64.ActiveCfg = Debug|x64
		{EE82B43A-BC50-4E17-97A6-A1339739E31C}.Debug|x64.Build.0 = Debug|x64
		{EE82B43A-BC50-4E17-97A6-A1339739E31C}.Debug|x86.ActiveCfg = Debug|Win32
		{EE82B43A-BC50-4E17-97A6-A1339739E31C}.Debug|x86.Build.0 = Debug|Win32
		{EE82B43A-BC50-4E17-97A6-A1339739E31C}.Release|Any CPU.ActiveCfg = Release|x64
		{EE82B43A-BC50-4E17-97A6-A1339739E31C}.Release|Any CPU.Build.0 = Release|x64
		{EE82B43A-BC50-4E17-97A6-A1339739E31C}.Release|x64.ActiveCfg = Release|x64
		{EE82B43A-BC50-4E17-97A6-A1339739E31C}.Release|x64.Build.0 = Release|x64
		{EE82B43A-BC50-4E17-97A6-A1339739E31C}.Release|x86.ActiveCfg = Release|Win32
		{EE82B43A-BC50-4E17-97A6-A1339739E31C}.Release|x86.Build.0 = Release|Win32
		{CD744CF9-D0DB-4BF2-A93A-AE9F14DC145C}.Debug|Any CPU.ActiveCfg = Debug|x64
		{CD744CF9-D0DB-4BF2-A93A-AE9F14DC145C}.Debug|Any CPU.Build.0 = Debug|x64
		{CD744CF9-D0DB-4BF2-A93A-AE9F14DC145C}.Debug|x64.ActiveCfg = Debug|x64
		{CD744CF9-D0DB-4BF2-A93A-AE9F14DC145C}.Debug|x64.Build.0 = Debug|x64
		{CD744CF9-D0DB-4BF2-A93A-AE9F14DC145C}.Debug|x86.ActiveCfg = Debug|Win32
		{CD744CF9-D0DB-4BF2-A93A-AE9F14DC145C}.Debug|x86.Build.0 = Debug|Win32
		{CD744CF9-D0DB-4BF2-A93A-AE9F14DC145C}.Release|Any CPU.ActiveCfg = Release|x64
		{CD744CF9-D0DB-4BF2-A93A-AE9F14DC145C}.Release|Any CPU.Build.0 = Release|x64
		{CD744CF9-D0DB-4BF2-A93A-AE9F14DC145C}.Release|x64.ActiveCfg = Release|x64
		{CD744CF9-D0DB-4BF2-A93A-AE9F14DC145C}.Release|x64.Build.0 = Release|x64
		{CD744CF9-D0DB-4BF2-A93A-AE9F14DC145C}.Release|x86.ActiveCfg = Release|Win32
		{CD744CF9-D0DB-4BF2-A93A-AE9F14DC145C}.Release|x86.Build.0 = Release|Win32
		{80BCCC8A-EB54-40BF-A813-39107BC2CCF6}.Debug|Any CPU.ActiveCfg = Debug|x64
		{80BCCC8A-EB54-40BF-A813-39107BC2CCF6}.Debug|Any CPU.Build.0 = Debug|x64
		{80BCCC8A-EB54-40BF-A813-39107BC2CCF6}.Debug|x64.ActiveCfg = Debug|x64
		{80BCCC8A-EB54-40BF-A813-39107BC2CCF6}.Debug|x64.Build.0 = Debug|x64
		{80BCCC8A-EB54-40BF-A813-39107BC2CCF6}.Debug|x86.ActiveCfg = Debug|Win32
		{80BCCC8A-EB54-40BF-A813-39107BC2CCF6}.Debug|x86.Build.0 = Debug|Win32
		{80BCCC8A-EB54-40BF-A813-39107BC2CCF6}.Release|Any CPU.ActiveCfg = Release|x64
		{80BCCC8A-EB54-40BF-A813-39107BC2CCF6}.Release|Any CPU.Build.0 = Release|x64
		{80BCCC8A-EB54-40BF-A813-39107BC2CCF6}.Release|x64.ActiveCfg = Release|x64
		{80BCCC8A-EB54-40BF-A813-39107BC2CCF6}.Release|x64.Build.0 = Release|x64
		{80BCCC8A-EB54-40BF-A813-39107BC2CCF6}.Release|x86.ActiveCfg = Release|Win32
		{80BCCC8A-EB54-40BF-A813-39107BC2CCF6}.Release|x86.Build.0 = Release|Win32
		{94EA3932-9447-4DB9-8403-F364FD5308D3}.Debug|Any CPU.ActiveCfg = Debug|x64
		{94EA3932-9447-4DB9-8403-F364FD5308D3}.Debug|Any CPU.Build.0 = Debug|x64
		{94EA3932-9447-4DB9-8403-F364FD5308D3}.Debug|x64.ActiveCfg = Debug|x64
		{94EA3932-9447-4DB9-8403-F364FD5308D3}.Debug|x64.Build.0 = Debug|x64
		{94EA3932-9447-4DB9-8403-F364FD5308D3}.Debug|x86.ActiveCfg = Debug|Win32
		{94EA3932-9447-4DB9-8403-F364FD5308D3}.Debug|x86.Build.0 = Debug|Win32
		{94EA3932-9447-4DB9-8403-F364FD5308D3}.Release|Any CPU.ActiveCfg = Release|x64
		{94EA3932-9447-4DB9-8403-F364FD5308D3}.Release|Any CPU.Build.0 = Release|x64
		{94EA3932-9447-4DB9-8403-F364FD5308D3}.Release|x64.ActiveCfg = Release|x64
		{94EA3932-9447-4DB9-8403-F364FD5308D3}.Release|x64.Build.0 = Release|x64
		{94EA3932-9447-4DB9-8403-F364FD5308D3}.Release|x86.ActiveCfg = Release|Win32
		{94EA3932-9447-4DB9-8403-F364FD5308D3}.Release|x86.Build.0 = Release|Win32
		{BEAF8F3D-C6B5-4256-B145-505F285ED304}.Debug|Any CPU.ActiveCfg = Debug|x64
		{BEAF8F3D-C6B5-4256-B145-505F285ED304}.Debug|Any CPU.Build.0 = Debug|x64
		{BEAF8F3D-C6B5-4256-B145-505F285ED304}.Debug|x64.ActiveCfg = Debug|x64
		{BEAF8F3D-C6B5-4256-B145-505F285ED304}.Debug|x64.Build.0 = Debug|x64
		{BEAF8F3D-C6B5-4256-B145-505F285ED304}.Debug|x86.ActiveCfg = Debug|Win32
		{BEAF8F3D-C6B5-4256-B145-505F285ED304}.Debug|x86.Build.0 = Debug|Win32
		{BEAF8F3D-C6B5-4256-B145-505F285ED304}.Release|Any CPU.ActiveCfg = Release|x64
		{BEAF8F3D-C6B5-4256-B145-505F285ED304}.Release|Any CPU.Build.0 = Release|x64
		{BEAF8F3D-C6B5-4256-B145-505F285ED304}.Release|x64.ActiveCfg = Release|x64
		{BEAF8F3D-C6B5-4256-B145-505F285ED304}.Release|x64.Build.0 = Release|x64
		{BEAF8F3D-C6B5-4256-B145-505F285ED304}.Release|x86.ActiveCfg = Release|Win32
		{BEAF8F3D-C6B5-4256-B145-505F285ED304}.Release|x86.Build.0 = Release|Win32
		{DE82A39F-EC0D-4540-97F8-72FC650CBC9C}.Debug|Any CPU.ActiveCfg = Debug|x64
		{DE82A39F-EC0D-4540-97F8-72FC650CBC9C}.Debug|Any CPU.Build.0 = Debug|x64
		{DE82A39F-EC0D-4540-97F8-72FC650CBC9C}.Debug|x64.ActiveCfg = Debug|x64
		{DE82A39F-EC0D-4540-97F8-72FC650CBC9C}.Debug|x64.Build.0 = Debug|x64
		{DE82A39F-EC0D-4540-97F8-72FC650CBC9C}.Debug|x86.ActiveCfg = Debug|Win32
		{DE82A39F-EC0D-4540-97F8-72FC650CBC9C}.Debug|x86.Build.0 = Debug|Win32
		{DE82A39F-EC0D-4540-97F8-72FC650CBC9C}.Release|Any CPU.ActiveCfg = Release|x64
		{DE82A39F-EC0D-4540-97F8-72FC650CBC9C}.Release|Any CPU.Build.0 = Release|x64
		{DE82A39F-EC0D-4540-97F8-72FC650CBC9C}.Release|x64.ActiveCfg = Release|x64
		{DE82A39F-EC0D-4540-97F8-72FC650CBC9C}.Release|x64.Build.0 = Release|x64
		{DE82A39F-EC0D-4540-97F8-72FC650CBC9C}.Release|x86.ActiveCfg = Release|Win32
		{DE82A39F-EC0D-4540-97F8-72FC650CBC9C}.Release|x86.Build.0 = Release|Win32
		{7905674F-CED9-484E-9037-7744DED046EE}.Debug|Any CPU.ActiveCfg = Debug|x64
		{7905674F-CED9-484E-9037-7744DED046EE}.Debug|Any CPU.Build.0 = Debug|x64
		{7905674F-CED9-484E-9037-7744DED046EE}.Debug|x64.ActiveCfg = Debug|x64
		{7905674F-CED9-484E-9037-7744DED046EE}.Debug|x64.Build.0 = Debug|x64
		{7905674F-CED9-484E-9037-7744DED046EE}.Debug|x86.ActiveCfg = Debug|Win32
		{7905674F-CED9-484E-9037-7744DED046EE}.Debug|x86.Build.0 = Debug|Win32
		{7905674F-CED9-484E-9037-7744DED046EE}.Release|Any CPU.ActiveCfg = Release|x64
		{7905674F-CED9-484E-9037-7744DED046EE}.Release|Any CPU.Build.0 = Release|x64
		{7905674F-CED9-484E-9037-7744DED046EE}.Release|x64.ActiveCfg = Release|x64
		{7905674F-CED9-484E-9037-7744DED046EE}.Release|x64.Build.0 = Release|x64
		{7905674F-CED9-484E-9037-7744DED046EE}.Release|x86.ActiveCfg = Release|Win32
		{7905674F-CED9-484E-9037-7744DED046EE}.Release|x86.Build.0 = Release|Win32
		{EDA102A8-8205-47C4-BFEC-17407D69CBF4}.Debug|Any CPU.ActiveCfg = Debug|x64
		{EDA102A8-8205-47C4-BFEC-17407D69CBF4}.Debug|Any CPU.Build.0 = Debug|x64
		{EDA102A8-8205-47C4-BFEC-17407D69CBF4}.Debug|x64.ActiveCfg = Debug|x64
		{EDA102A8-8205-47C4-BFEC-17407D69CBF4}.Debug|x64.Build.0 = Debug|x64
		{EDA102A8-8205-47C4-BFEC-17407D69CBF4}.Debug|x86.ActiveCfg = Debug|Win32
		{EDA102A8-8205-47C4-BFEC-17407D69CBF4}.Debug|x86.Build.0 = Debug|Win32
		{EDA102A8-8205-47C4-BFEC-17407D69CBF4}.Release|Any CPU.ActiveCfg = Release|x64
		{EDA102A8-8205-47C4-BFEC-17407D69CBF4}.Release|Any CPU.Build.0 = Release|x64
		{EDA102A8-8205-47C4-BFEC-17407D69CBF4}.Release|x64.ActiveCfg = Release|x64
		{EDA102A8-8205-47C4-BFEC-17407D69CBF4}.Release|x64.Build.0 = Release|x64
		{EDA102A8-8205-47C4-BFEC-17407D69CBF4}.Release|x86.ActiveCfg = Release|Win32
		{EDA102A8-8205-47C4-BFEC-17407D69CBF4}.Release|x86.Build.0 = Release|Win32
		{008CDDC2-E412-4081-8024-B61870ED39EC}.Debug|Any CPU.ActiveCfg = Debug|x64
		{008CDDC2-E412-4081-8024-B61870ED39EC}.Debug|Any CPU.Build.0 = Debug|x64
		{008CDDC2-E412-4081-8024-B61870ED39EC}.Debug|x64.ActiveCfg = Debug|x64
		{008CDDC2-E412-4081-8024-B61870ED39EC}.Debug|x64.Build.0 = Debug|x64
		{008CDDC2-E412-4081-8024-B61870ED39EC}.Debug|x86.ActiveCfg = Debug|Win32
		{008CDDC2-E412-4081-8024-B61870ED39EC}.Debug|x86.Build.0 = Debug|Win32
		{008CDDC2-E412-4081-8024-B61870ED39EC}.Release|Any CPU.ActiveCfg = Release|x64
		{008CDDC2-E412-4081-8024-B61870ED39EC}.Release|Any CPU.Build.0 = Release|x64
		{008CDDC2-E412-4081-8024-B61870ED39EC}.Release|x64.ActiveCfg = Release|x64
		{008CDDC2-E412-4081-8024-B61870ED39EC}.Release|x64.Build.0 = Release|x64
		{008CDDC2-E412-4081-8024-B61870ED39EC}.Release|x86.ActiveCfg = Release|Win32
		{008CDDC2-E412-4081-8024-B61870ED39EC}.Release|x86.Build.0 = Release|Win32
		{754D2640-0F97-422F-8C8F-B8A7A002B796}.Debug|Any CPU.ActiveCfg = Debug|x64
		{754D2640-0F97-422F-8C8F-B8A7A002B796}.Debug|Any CPU.Build.0 = Debug|x64
		{754D2640-0F97-422F-8C8F-B8A7A002B796}.Debug|x64.ActiveCfg = Debug|x64
		{754D2640-0F97-422F-8C8F-B8A7A002B796}.Debug|x64.Build.0 = Debug|x64
		{754D2640-0F97-422F-8C8F-B8A7A002B796}.Debug|x86.ActiveCfg = Debug|Win32
		{754D2640-0F97-422F-8C8F-B8A7A002B796}.Debug|x86.Build.0 = Debug|Win32
		{754D2640-0F97-422F-8C8F-B8A7A002B796}.Release|Any CPU.ActiveCfg = Release|x64
		{754D2640-0F97-422F-8C8F-B8A7A002B796}.Release|Any CPU.Build.0 = Release|x64
		{754D2640-0F97-422F-8C8F-B8A7A002B796}.Release|x64.ActiveCfg = Release|x64
		{754D2640-0F97-422F-8C8F-B8A7A002B796}.Release|x64.Build.0 = Release|x64
		{754D2640-0F97-422F-8C8F-B8A7A002B796}.Release|x86.ActiveCfg = Release|Win32
		{754D2640-0F97-422F-8C8F-B8A7A002B796}.Release|x86.Build.0 = Release|Win32
		{3ADCED56-7182-4836-8652-3CA8AD03E4C3}.Debug|Any CPU.ActiveCfg = Debug|x64
		{3ADCED56-7182-4836-8652-3CA8AD03E4C3}.Debug|Any CPU.Build.0 = Debug|x64
		{3ADCED56-7182-4836-8652-3CA8AD03E4C3}.Debug|x64.ActiveCfg = Debug|x64
		{3ADCED56-7182-4836-8652-3CA8AD03E4C3}.Debug|x64.Build.0 = Debug|x64
		{3ADCED56-7182-4836-8652-3CA8AD03E4C3}.Debug|x86.ActiveCfg = Debug|Win32
		{3ADCED56-7182-4836-8652-3CA8AD03E4C3}.Debug|x86.Build.0 = Debug|Win32
		{3ADCED56-7182-4836-8652-3CA8AD03E4C3}.Release|Any CPU.ActiveCfg = Release|x64
		{3ADCED56-7182-4836-8652-3CA8AD03E4C3}.Release|Any CPU.Build.0 = Release|x64
		{3ADCED56-7182-4836-8652-3CA8AD03E4C3}.Release|x64.ActiveCfg = Release|x64
		{3ADCED56-7182-4836-8652-3CA8AD03E4C3}.Release|x64.Build.0 = Release|x64
		{3ADCED56-7182-4836-8652-3CA8AD03E4C3}.Release|x86.ActiveCfg = Release|Win32
		{3ADCED56-7182-4836-8652-3CA8AD03E4C3}.Release|x86.Build.0 = Release|Win32
		{53BAF5E8-3D48-4A25-B878-1002D6C23F7D}.Debug|Any CPU.ActiveCfg = Debug|x64
		{53BAF5E8-3D48-4A25-B878-1002D6C23F7D}.Debug|Any CPU.Build.0 = Debug|x64
		{53BAF5E8-3D48-4A25-B878-1002D6C23F7D}.Debug|x64.ActiveCfg = Debug|x64
		{53BAF5E8-3D48-4A25-B878-1002D6C23F7D}.Debug|x64.Build.0 = Debug|x64
		{53BAF5E8-3D48-4A25-B878-1002D6C23F7D}.Debug|x86.ActiveCfg = Debug|Win32
		{53BAF5E8-3D48-4A25-B878-1002D6C23F7D}.Debug|x86.Build.0 = Debug|Win32
		{53BAF5E8-3D48-4A25-B878-1002D6C23F7D}.Release|Any CPU.ActiveCfg = Release|x64
		{53BAF5E8-3D48-4A25-B878-1002D6C23F7D}.Release|Any CPU.Build.0 = Release|x64
		{53BAF5E8-3D48-4A25-B878-1002D6C23F7D}.Release|x64.ActiveCfg = Release|x64
		{53BAF5E8-3D48-4A25-B878-1002D6C23F7D}.Release|x64.Build.0 = Release|x64
		{53BAF5E8-3D48-4A25-B878-1002D6C23F7D}.Release|x86.ActiveCfg = Release|Win32
		{53BAF5E8-3D48-4A25-B878-1002D6C23F7D}.Release|x86.Build.0 = Release|Win32
		{6CE22A76-F041-472A-A114-A12CC377567E}.Debug|Any CPU.ActiveCfg = Debug|x64
		{6CE22A76-F041-472A-A114-A12CC377567E}.Debug|Any CPU.Build.0 = Debug|x64
		{6CE22A76-F041-472A-A114-A12CC377567E}.Debug|x64.ActiveCfg = Debug|x64
		{6CE22A76-F041-472A-A114-A12CC377567E}.Debug|x64.Build.0 = Debug|x64
		{6CE22A76-F041-472A-A114-A12CC377567E}.Debug|x86.ActiveCfg = Debug|Win32
		{6CE22A76-F041-472A-A114-A12CC377567E}.Debug|x86.Build.0 = Debug|Win32
		{6CE22A76-F041-472A-A114-A12CC377567E}.Release|Any CPU.ActiveCfg = Release|x64
		{6CE22A76-F041-472A-A114-A12CC377567E}.Release|Any CPU.Build.0 = Release|x64
		{6CE22A76-F041-472A-A114-A12CC377567E}.Release|x64.ActiveCfg = Release|x64
		{6CE22A76-F041-472A-A114-A12CC377567E}.Release|x64.Build.0 = Release|x64
		{6CE22A76-F041-472A-A114-A12CC377567E}.Release|x86.ActiveCfg = Release|Win32
		{6CE22A76-F041-472A-A114-A12CC377567E}.Release|x86.Build.0 = Release|Win32
		{A744D162-8205-4B63-A8F7-B88019500DDB}.Debug|Any CPU.ActiveCfg = Debug|x64
		{A744D162-8205-4B63-A8F7-B88019500DDB}.Debug|Any CPU.Build.0 = Debug|x64
		{A744D162-8205-4B63-A8F7-B88019500DDB}.Debug|x64.ActiveCfg = Debug|x64
		{A744D162-8205-4B63-A8F7-B88019500DDB}.Debug|x64.Build.0 = Debug|x64
		{A744D162-8205-4B63-A8F7-B88019500DDB}.Debug|x86.ActiveCfg = Debug|Win32
		{A744D162-8205-4B63-A8F7-B88019500DDB}.Debug|x86.Build.0 = Debug|Win32
		{A744D162-8205-4B63-A8F7-B88019500DDB}.Release|Any CPU.ActiveCfg = Release|x64
		{A744D162-8205-4B63-A8F7-B88019500DDB}.Release|Any CPU.Build.0 = Release|x64
		{A744D162-8205-4B63-A8F7-B88019500DDB}.Release|x64.ActiveCfg = Release|x64
		{A744D162-8205-4B63-A8F7-B88019500DDB}.Release|x64.Build.0 = Release|x64
		{A744D162-8205-4B63-A8F7-B88019500DDB}.Release|x86.ActiveCfg = Release|Win32
		{A744D162-8205-4B63-A8F7-B88019500DDB}.Release|x86.Build.0 = Release|Win32
		{7FD348CA-2A41-4379-9A0B-C006ED3D9870}.Debug|Any CPU.ActiveCfg = Debug|x64
		{7FD348CA-2A41-4379-9A0B-C006ED3D9870}.Debug|Any CPU.Build.0 = Debug|x64
		{7FD348CA-2A41-4379-9A0B-C006ED3D9870}.Debug|x64.ActiveCfg = Debug|x64
		{7FD348CA-2A41-4379-9A0B-C006ED3D9870}.Debug|x64.Build.0 = Debug|x64
		{7FD348CA-2A41-4379-9A0B-C006ED3D9870}.Debug|x86.ActiveCfg = Debug|Win32
		{7FD348CA-2A41-4379-9A0B-C006ED3D9870}.Debug|x86.Build.0 = Debug|Win32
		{7FD348CA-2A41-4379-9A0B-C006ED3D9870}.Release|Any CPU.ActiveCfg = Release|x64
		{7FD348CA-2A41-4379-9A0B-C006ED3D9870}.Release|Any CPU.Build.0 = Release|x64
		{7FD348CA-2A41-4379-9A0B-C006ED3D9870}.Release|x64.ActiveCfg = Release|x64
		{7FD348CA-2A41-4379-9A0B-C006ED3D9870}.Release|x64.Build.0 = Release|x64
		{7FD348CA-2A41-4379-9A0B-C006ED3D9870}.Release|x86.ActiveCfg = Release|Win32
		{7FD348CA-2A41-4379-9A0B-C006ED3D9870}.Release|x86.Build.0 = Release|Win32
	EndGlobalSection
	GlobalSection(SolutionProperties) = preSolution
		HideSolutionNode = FALSE
	EndGlobalSection
	GlobalSection(NestedProjects) = preSolution
		{5C95451F-24E0-4816-AB49-25B29025FB68} = {F7E0FE20-9486-4601-AE0F-BD0D183432D2}
		{A06D1DB8-0F94-41EB-B9D1-C18D237E3490} = {F7E0FE20-9486-4601-AE0F-BD0D183432D2}
		{A25587B7-BB54-4B61-9F0C-6D18FD68F5A7} = {F7E0FE20-9486-4601-AE0F-BD0D183432D2}
		{0D816399-7D7D-4964-88B9-9C25CC013664} = {F7E0FE20-9486-4601-AE0F-BD0D183432D2}
		{7748FAA1-8A3E-4D17-86FD-505671E4010E} = {B1F1211B-91E8-42BB-8BD9-2B309DF87180}
		{E5F82E91-1532-4862-965A-F47D3C5B359B} = {4FD1657F-618B-40CB-8E6B-21D7746683D9}
		{E173B9EA-3954-4D6B-A462-29FA30FB05DA} = {4FD1657F-618B-40CB-8E6B-21D7746683D9}
		{5B5C4E6F-AD48-4A9D-A457-DB0C41242E3D} = {0CCB42BD-8B27-4931-96A8-A0C9883F5EE3}
		{795EE202-C59D-4947-950B-9EDE22C0A85E} = {0CCB42BD-8B27-4931-96A8-A0C9883F5EE3}
		{6151EC5F-E173-4B13-8B61-8BB301A66369} = {58C87880-7587-4227-A8A7-57031816F28E}
		{FF5347DD-3ACF-480C-B860-FF296510B751} = {58C87880-7587-4227-A8A7-57031816F28E}
		{5CC08CD7-B1A1-410D-873C-BC45C23F725C} = {58C87880-7587-4227-A8A7-57031816F28E}
		{3256DB88-14AE-400A-8229-9195A6D71084} = {58C87880-7587-4227-A8A7-57031816F28E}
		{0EDC0067-B619-4490-A5AE-76B2DFFA39B5} = {58C87880-7587-4227-A8A7-57031816F28E}
		{C2C3B807-CB08-40B5-B89C-422E7E841EFE} = {1EFD12FA-F7F1-4123-B7BE-E29BFF562113}
		{F6F1104D-C0DA-4EED-B27A-9A5280077F20} = {2AD74A57-2DA6-4611-9607-BE9F95352D04}
		{75672CB6-20F6-4153-B812-2CAC5F05D07A} = {2AD74A57-2DA6-4611-9607-BE9F95352D04}
		{ACE478BC-DC2A-474B-B030-1BA35E82D252} = {CC418851-7EAC-4DF4-B972-285ED2585588}
		{7E53ADCF-709B-4C80-86A4-D51AC8A4BFBF} = {CC418851-7EAC-4DF4-B972-285ED2585588}
		{649270D2-3B46-4BC2-9466-18D73379FADA} = {AF38D7AB-554C-4A36-A35B-966BFD5A8BF5}
		{5A9AA11D-81F9-4DAD-8418-357CDA27A957} = {AF38D7AB-554C-4A36-A35B-966BFD5A8BF5}
		{3CFC5450-09B4-4D36-9206-855F68A973AD} = {AF38D7AB-554C-4A36-A35B-966BFD5A8BF5}
		{30938619-43B4-485E-8C8B-79657FAD5D87} = {45FA2D8A-5FD9-476F-A852-2FDCDD639B75}
		{79A97171-7948-4735-BC10-D4CEA798C814} = {D5865FA3-DEDD-406E-9965-B85EA51433F9}
		{CDAA21F2-4AB2-4E93-ACEE-1E7466BD56CC} = {D5865FA3-DEDD-406E-9965-B85EA51433F9}
		{E25BDBBA-B12F-4F83-89F3-E53D64151FF3} = {B1F15E34-AABA-4B4A-9E1A-CAC660F14B36}
		{745F71EC-8C82-4062-89A3-65767CEA09FD} = {B1F15E34-AABA-4B4A-9E1A-CAC660F14B36}
		{EF06A8CF-26D0-46E7-94E1-43690CA76748} = {5213FAB9-A4BB-4D60-80BE-A027F5274CF2}
		{25E9D429-84F2-49E0-8097-4D365F09C8B2} = {5213FAB9-A4BB-4D60-80BE-A027F5274CF2}
		{182F6FA9-20A6-4FD4-9A81-2AE57E0A2C51} = {5213FAB9-A4BB-4D60-80BE-A027F5274CF2}
		{BB1F7DEF-C2A7-4F02-8E99-C606B91AD56D} = {63684408-D9C3-4319-846D-897DACC5817D}
		{F73DA0FE-05E3-4447-B26F-A95A661B0019} = {63684408-D9C3-4319-846D-897DACC5817D}
		{0A18F57B-16B7-47F9-AF9A-257D478211BD} = {63684408-D9C3-4319-846D-897DACC5817D}
		{43A0B495-8EC6-459A-88E2-86E92702C4AC} = {63684408-D9C3-4319-846D-897DACC5817D}
		{FE90C3D4-F520-4108-99EF-875BF3611FEA} = {CCB313D9-6644-4C1D-8EEF-665622548677}
		{057EF275-819F-4396-8437-B9DD9E48E79C} = {CCB313D9-6644-4C1D-8EEF-665622548677}
		{BEC518B3-760A-467C-87A7-D2F207469610} = {CCB313D9-6644-4C1D-8EEF-665622548677}
		{4EA929EC-60C2-4002-9DCC-FFF90B729F6E} = {CCB313D9-6644-4C1D-8EEF-665622548677}
		{941FE172-7CF0-4AFE-85C8-EBDC8D904142} = {F21C1C98-78B3-4174-A0DA-617F15FA6DC1}
		{264A6090-55E5-4FF5-8071-C82797C665B1} = {F21C1C98-78B3-4174-A0DA-617F15FA6DC1}
		{69B44652-6AE4-4580-A00C-5B8643F1D1E8} = {F21C1C98-78B3-4174-A0DA-617F15FA6DC1}
		{6E44D32A-E079-43F9-BCDB-30C7244AAFD7} = {F21C1C98-78B3-4174-A0DA-617F15FA6DC1}
		{86415CC5-8495-4C1E-8E19-720CC4E3630B} = {F21C1C98-78B3-4174-A0DA-617F15FA6DC1}
		{DBC48995-B04E-439D-AEFE-91D1100D8524} = {A443005A-4E1C-4CF6-B12C-FEA006B1B34B}
		{EE82B43A-BC50-4E17-97A6-A1339739E31C} = {A443005A-4E1C-4CF6-B12C-FEA006B1B34B}
		{CD744CF9-D0DB-4BF2-A93A-AE9F14DC145C} = {A443005A-4E1C-4CF6-B12C-FEA006B1B34B}
		{80BCCC8A-EB54-40BF-A813-39107BC2CCF6} = {A443005A-4E1C-4CF6-B12C-FEA006B1B34B}
		{94EA3932-9447-4DB9-8403-F364FD5308D3} = {A644516C-FF78-4981-B30C-EF99D9DA82D6}
		{BEAF8F3D-C6B5-4256-B145-505F285ED304} = {A644516C-FF78-4981-B30C-EF99D9DA82D6}
		{DE82A39F-EC0D-4540-97F8-72FC650CBC9C} = {A644516C-FF78-4981-B30C-EF99D9DA82D6}
		{7905674F-CED9-484E-9037-7744DED046EE} = {A644516C-FF78-4981-B30C-EF99D9DA82D6}
		{EDA102A8-8205-47C4-BFEC-17407D69CBF4} = {A644516C-FF78-4981-B30C-EF99D9DA82D6}
		{008CDDC2-E412-4081-8024-B61870ED39EC} = {54246586-D04B-48AB-9EFF-0E17602E04AC}
		{754D2640-0F97-422F-8C8F-B8A7A002B796} = {54246586-D04B-48AB-9EFF-0E17602E04AC}
		{3ADCED56-7182-4836-8652-3CA8AD03E4C3} = {54246586-D04B-48AB-9EFF-0E17602E04AC}
		{53BAF5E8-3D48-4A25-B878-1002D6C23F7D} = {54246586-D04B-48AB-9EFF-0E17602E04AC}
		{6CE22A76-F041-472A-A114-A12CC377567E} = {54246586-D04B-48AB-9EFF-0E17602E04AC}
		{A744D162-8205-4B63-A8F7-B88019500DDB} = {589EF830-20D2-4D73-ACC2-E121D877A732}
		{7FD348CA-2A41-4379-9A0B-C006ED3D9870} = {589EF830-20D2-4D73-ACC2-E121D877A732}
	EndGlobalSection
	GlobalSection(ExtensibilityGlobals) = postSolution
		SolutionGuid = {6B1F3FA4-51B8-4F0D-9C01-97961F79DE1D}
	EndGlobalSection
EndGlobal
