
Microsoft Visual Studio Solution File, Format Version 12.00
# Visual Studio Version 17
VisualStudioVersion = 17.13.35931.197 d17.13
MinimumVisualStudioVersion = 10.0.40219.1
Project("{8BC9CEB8-8B4A-11D0-8D11-00A0C91BC942}") = "CMathLibs", "NewC\CMathLibs\CMathLibs.vcxproj", "{1D3EA109-63E4-4D69-B026-7D4458D29D42}"
EndProject
Project("{8BC9CEB8-8B4A-11D0-8D11-00A0C91BC942}") = "CPlaySnakes", "NewC\CPlaySnakes\CPlaySnakes.vcxproj", "{96433CF8-D739-4A3D-8979-72C2CFE7DA55}"
EndProject
Project("{8BC9CEB8-8B4A-11D0-8D11-00A0C91BC942}") = "CTempRebuilds", "NewC\CTempRebuilds\CTempRebuilds.vcxproj", "{1B61E370-0697-4C42-922A-2031F26D5902}"
EndProject
Project("{8BC9CEB8-8B4A-11D0-8D11-00A0C91BC942}") = "JsonParsers", "NewC\JsonParsers\JsonParsers.vcxproj", "{0CF05569-1CD0-4AAD-98DB-3F900BED1723}"
EndProject
Project("{8BC9CEB8-8B4A-11D0-8D11-00A0C91BC942}") = "MySqlApps", "NewC\MySqlApps\MySqlApps.vcxproj", "{C643A6D0-1C67-413E-856D-6D321452949A}"
EndProject
Project("{8BC9CEB8-8B4A-11D0-8D11-00A0C91BC942}") = "ParsonApps", "NewC\ParsonApps\ParsonApps.vcxproj", "{7B2AC683-ED49-4DAC-B83D-BAEC4F3294DB}"
EndProject
Project("{8BC9CEB8-8B4A-11D0-8D11-00A0C91BC942}") = "FolderMonitor", "NewC\FolderMonitor\FolderMonitor.vcxproj", "{1A5CCBAE-3413-49E1-B013-4764D6859803}"
EndProject
Project("{8BC9CEB8-8B4A-11D0-8D11-00A0C91BC942}") = "OpTestApp", "NewC\OpTestApp\OpTestApp.vcxproj", "{AC1254A0-35D1-4840-8FAB-6D35AB27DB43}"
EndProject
Project("{8BC9CEB8-8B4A-11D0-8D11-00A0C91BC942}") = "TestAgainLibs", "NewC\TestAgainLibs\TestAgainLibs.vcxproj", "{4A768B1C-2ABE-4B4B-BFF4-190D0DD95C2F}"
EndProject
Global
	GlobalSection(SolutionConfigurationPlatforms) = preSolution
		Debug|x64 = Debug|x64
		Debug|x86 = Debug|x86
		Release|x64 = Release|x64
		Release|x86 = Release|x86
	EndGlobalSection
	GlobalSection(ProjectConfigurationPlatforms) = postSolution
		{1D3EA109-63E4-4D69-B026-7D4458D29D42}.Debug|x64.ActiveCfg = Debug|x64
		{1D3EA109-63E4-4D69-B026-7D4458D29D42}.Debug|x64.Build.0 = Debug|x64
		{1D3EA109-63E4-4D69-B026-7D4458D29D42}.Debug|x86.ActiveCfg = Debug|Win32
		{1D3EA109-63E4-4D69-B026-7D4458D29D42}.Debug|x86.Build.0 = Debug|Win32
		{1D3EA109-63E4-4D69-B026-7D4458D29D42}.Release|x64.ActiveCfg = Release|x64
		{1D3EA109-63E4-4D69-B026-7D4458D29D42}.Release|x64.Build.0 = Release|x64
		{1D3EA109-63E4-4D69-B026-7D4458D29D42}.Release|x86.ActiveCfg = Release|Win32
		{1D3EA109-63E4-4D69-B026-7D4458D29D42}.Release|x86.Build.0 = Release|Win32
		{96433CF8-D739-4A3D-8979-72C2CFE7DA55}.Debug|x64.ActiveCfg = Debug|x64
		{96433CF8-D739-4A3D-8979-72C2CFE7DA55}.Debug|x64.Build.0 = Debug|x64
		{96433CF8-D739-4A3D-8979-72C2CFE7DA55}.Debug|x86.ActiveCfg = Debug|Win32
		{96433CF8-D739-4A3D-8979-72C2CFE7DA55}.Debug|x86.Build.0 = Debug|Win32
		{96433CF8-D739-4A3D-8979-72C2CFE7DA55}.Release|x64.ActiveCfg = Release|x64
		{96433CF8-D739-4A3D-8979-72C2CFE7DA55}.Release|x64.Build.0 = Release|x64
		{96433CF8-D739-4A3D-8979-72C2CFE7DA55}.Release|x86.ActiveCfg = Release|Win32
		{96433CF8-D739-4A3D-8979-72C2CFE7DA55}.Release|x86.Build.0 = Release|Win32
		{1B61E370-0697-4C42-922A-2031F26D5902}.Debug|x64.ActiveCfg = Debug|x64
		{1B61E370-0697-4C42-922A-2031F26D5902}.Debug|x64.Build.0 = Debug|x64
		{1B61E370-0697-4C42-922A-2031F26D5902}.Debug|x86.ActiveCfg = Debug|Win32
		{1B61E370-0697-4C42-922A-2031F26D5902}.Debug|x86.Build.0 = Debug|Win32
		{1B61E370-0697-4C42-922A-2031F26D5902}.Release|x64.ActiveCfg = Release|x64
		{1B61E370-0697-4C42-922A-2031F26D5902}.Release|x64.Build.0 = Release|x64
		{1B61E370-0697-4C42-922A-2031F26D5902}.Release|x86.ActiveCfg = Release|Win32
		{1B61E370-0697-4C42-922A-2031F26D5902}.Release|x86.Build.0 = Release|Win32
		{0CF05569-1CD0-4AAD-98DB-3F900BED1723}.Debug|x64.ActiveCfg = Debug|x64
		{0CF05569-1CD0-4AAD-98DB-3F900BED1723}.Debug|x64.Build.0 = Debug|x64
		{0CF05569-1CD0-4AAD-98DB-3F900BED1723}.Debug|x86.ActiveCfg = Debug|Win32
		{0CF05569-1CD0-4AAD-98DB-3F900BED1723}.Debug|x86.Build.0 = Debug|Win32
		{0CF05569-1CD0-4AAD-98DB-3F900BED1723}.Release|x64.ActiveCfg = Release|x64
		{0CF05569-1CD0-4AAD-98DB-3F900BED1723}.Release|x64.Build.0 = Release|x64
		{0CF05569-1CD0-4AAD-98DB-3F900BED1723}.Release|x86.ActiveCfg = Release|Win32
		{0CF05569-1CD0-4AAD-98DB-3F900BED1723}.Release|x86.Build.0 = Release|Win32
		{C643A6D0-1C67-413E-856D-6D321452949A}.Debug|x64.ActiveCfg = Debug|x64
		{C643A6D0-1C67-413E-856D-6D321452949A}.Debug|x64.Build.0 = Debug|x64
		{C643A6D0-1C67-413E-856D-6D321452949A}.Debug|x86.ActiveCfg = Debug|Win32
		{C643A6D0-1C67-413E-856D-6D321452949A}.Debug|x86.Build.0 = Debug|Win32
		{C643A6D0-1C67-413E-856D-6D321452949A}.Release|x64.ActiveCfg = Release|x64
		{C643A6D0-1C67-413E-856D-6D321452949A}.Release|x64.Build.0 = Release|x64
		{C643A6D0-1C67-413E-856D-6D321452949A}.Release|x86.ActiveCfg = Release|Win32
		{C643A6D0-1C67-413E-856D-6D321452949A}.Release|x86.Build.0 = Release|Win32
		{7B2AC683-ED49-4DAC-B83D-BAEC4F3294DB}.Debug|x64.ActiveCfg = Debug|x64
		{7B2AC683-ED49-4DAC-B83D-BAEC4F3294DB}.Debug|x64.Build.0 = Debug|x64
		{7B2AC683-ED49-4DAC-B83D-BAEC4F3294DB}.Debug|x86.ActiveCfg = Debug|Win32
		{7B2AC683-ED49-4DAC-B83D-BAEC4F3294DB}.Debug|x86.Build.0 = Debug|Win32
		{7B2AC683-ED49-4DAC-B83D-BAEC4F3294DB}.Release|x64.ActiveCfg = Release|x64
		{7B2AC683-ED49-4DAC-B83D-BAEC4F3294DB}.Release|x64.Build.0 = Release|x64
		{7B2AC683-ED49-4DAC-B83D-BAEC4F3294DB}.Release|x86.ActiveCfg = Release|Win32
		{7B2AC683-ED49-4DAC-B83D-BAEC4F3294DB}.Release|x86.Build.0 = Release|Win32
		{1A5CCBAE-3413-49E1-B013-4764D6859803}.Debug|x64.ActiveCfg = Debug|x64
		{1A5CCBAE-3413-49E1-B013-4764D6859803}.Debug|x64.Build.0 = Debug|x64
		{1A5CCBAE-3413-49E1-B013-4764D6859803}.Debug|x86.ActiveCfg = Debug|Win32
		{1A5CCBAE-3413-49E1-B013-4764D6859803}.Debug|x86.Build.0 = Debug|Win32
		{1A5CCBAE-3413-49E1-B013-4764D6859803}.Release|x64.ActiveCfg = Release|x64
		{1A5CCBAE-3413-49E1-B013-4764D6859803}.Release|x64.Build.0 = Release|x64
		{1A5CCBAE-3413-49E1-B013-4764D6859803}.Release|x86.ActiveCfg = Release|Win32
		{1A5CCBAE-3413-49E1-B013-4764D6859803}.Release|x86.Build.0 = Release|Win32
		{AC1254A0-35D1-4840-8FAB-6D35AB27DB43}.Debug|x64.ActiveCfg = Debug|x64
		{AC1254A0-35D1-4840-8FAB-6D35AB27DB43}.Debug|x64.Build.0 = Debug|x64
		{AC1254A0-35D1-4840-8FAB-6D35AB27DB43}.Debug|x86.ActiveCfg = Debug|Win32
		{AC1254A0-35D1-4840-8FAB-6D35AB27DB43}.Debug|x86.Build.0 = Debug|Win32
		{AC1254A0-35D1-4840-8FAB-6D35AB27DB43}.Release|x64.ActiveCfg = Release|x64
		{AC1254A0-35D1-4840-8FAB-6D35AB27DB43}.Release|x64.Build.0 = Release|x64
		{AC1254A0-35D1-4840-8FAB-6D35AB27DB43}.Release|x86.ActiveCfg = Release|Win32
		{AC1254A0-35D1-4840-8FAB-6D35AB27DB43}.Release|x86.Build.0 = Release|Win32
		{4A768B1C-2ABE-4B4B-BFF4-190D0DD95C2F}.Debug|x64.ActiveCfg = Debug|x64
		{4A768B1C-2ABE-4B4B-BFF4-190D0DD95C2F}.Debug|x64.Build.0 = Debug|x64
		{4A768B1C-2ABE-4B4B-BFF4-190D0DD95C2F}.Debug|x86.ActiveCfg = Debug|Win32
		{4A768B1C-2ABE-4B4B-BFF4-190D0DD95C2F}.Debug|x86.Build.0 = Debug|Win32
		{4A768B1C-2ABE-4B4B-BFF4-190D0DD95C2F}.Release|x64.ActiveCfg = Release|x64
		{4A768B1C-2ABE-4B4B-BFF4-190D0DD95C2F}.Release|x64.Build.0 = Release|x64
		{4A768B1C-2ABE-4B4B-BFF4-190D0DD95C2F}.Release|x86.ActiveCfg = Release|Win32
		{4A768B1C-2ABE-4B4B-BFF4-190D0DD95C2F}.Release|x86.Build.0 = Release|Win32
	EndGlobalSection
	GlobalSection(SolutionProperties) = preSolution
		HideSolutionNode = FALSE
	EndGlobalSection
	GlobalSection(ExtensibilityGlobals) = postSolution
		SolutionGuid = {D817FA40-9642-4A67-8590-4E85766F3DD6}
	EndGlobalSection
EndGlobal
