
Microsoft Visual Studio Solution File, Format Version 12.00
# Visual Studio Version 17
VisualStudioVersion = 17.13.35931.197
MinimumVisualStudioVersion = 10.0.40219.1
Project("{8BC9CEB8-8B4A-11D0-8D11-00A0C91BC942}") = "FirstCppApp", "FirstCppApp\FirstCppApp.vcxproj", "{AF25E25A-A642-4966-96E5-4B8C19A7B2BA}"
EndProject
Project("{8BC9CEB8-8B4A-11D0-8D11-00A0C91BC942}") = "RandNumApp", "RandNumApp\RandNumApp.vcxproj", "{A46102C4-BA44-48DA-984D-A35D750763E4}"
EndProject
Project("{8BC9CEB8-8B4A-11D0-8D11-00A0C91BC942}") = "Chap02App", "Chap02App\Chap02App.vcxproj", "{D6E66749-5B26-4609-8483-A8EC11757F8A}"
EndProject
Project("{8BC9CEB8-8B4A-11D0-8D11-00A0C91BC942}") = "Chap03App", "Chap03App\Chap03App.vcxproj", "{382D16BF-B966-4602-AB36-20B3021B2770}"
EndProject
Project("{8BC9CEB8-8B4A-11D0-8D11-00A0C91BC942}") = "Chap04App", "Chap04App\Chap04App.vcxproj", "{AED043B9-6950-4C63-8129-F2FD67ABB8D4}"
EndProject
Project("{8BC9CEB8-8B4A-11D0-8D11-00A0C91BC942}") = "Chap14App", "Chap14App\Chap14App.vcxproj", "{3955EA3E-9331-4F7A-9DE4-206F490F0FE2}"
EndProject
Project("{FAE04EC0-301F-11D3-BF4B-00C04F79EFBC}") = "ConsoleApp1", "ConsoleApp1\ConsoleApp1.csproj", "{31DE538C-FDC1-410D-8617-670E754F2ED7}"
EndProject
Project("{FAE04EC0-301F-11D3-BF4B-00C04F79EFBC}") = "TryTest", "TryTest\TryTest.csproj", "{A1604F22-3275-4D61-91C9-D4659B1AEF00}"
EndProject
Project("{8BC9CEB8-8B4A-11D0-8D11-00A0C91BC942}") = "Chap05App", "Chap05App\Chap05App.vcxproj", "{EE1CA392-C56F-4F87-AB20-CCD76CB23537}"
EndProject
Project("{8BC9CEB8-8B4A-11D0-8D11-00A0C91BC942}") = "Chap06App", "Chap06App\Chap06App.vcxproj", "{BCF13CC1-2CF5-43E0-BB15-C4165A039E4F}"
EndProject
Project("{8BC9CEB8-8B4A-11D0-8D11-00A0C91BC942}") = "Chap07App", "Chap07App\Chap07App.vcxproj", "{EE911412-0A50-4CB1-87FD-187E6F42AD67}"
EndProject
Project("{8BC9CEB8-8B4A-11D0-8D11-00A0C91BC942}") = "Chap08App", "Chap08App\Chap08App.vcxproj", "{9AD8968E-CAE4-4481-B605-654681E20A4D}"
EndProject
Project("{8BC9CEB8-8B4A-11D0-8D11-00A0C91BC942}") = "Chap09App", "Chap09App\Chap09App.vcxproj", "{43FBAD66-C696-4437-96AF-6BA02AA9AAF3}"
EndProject
Project("{8BC9CEB8-8B4A-11D0-8D11-00A0C91BC942}") = "Chap10App", "Chap10App\Chap10App.vcxproj", "{B6148DA5-9A27-4B13-9179-72801116057F}"
EndProject
Project("{8BC9CEB8-8B4A-11D0-8D11-00A0C91BC942}") = "Chap11App", "Chap11App\Chap11App.vcxproj", "{DEDB59F0-A578-4F87-BC4B-A4CCE8777EF8}"
EndProject
Project("{8BC9CEB8-8B4A-11D0-8D11-00A0C91BC942}") = "Chap12App", "Chap12App\Chap12App.vcxproj", "{80F7CAAA-BF0B-44B3-80D2-ADB666E76127}"
EndProject
Project("{8BC9CEB8-8B4A-11D0-8D11-00A0C91BC942}") = "Chap13App", "Chap13App\Chap13App.vcxproj", "{8CE41C86-72CD-450A-8AA0-EA95FAAFF58C}"
EndProject
Project("{8BC9CEB8-8B4A-11D0-8D11-00A0C91BC942}") = "Chap07_again", "Chap07_again\Chap07_again.vcxproj", "{ADE70C23-332A-42DE-98E4-D4BDF6062D0B}"
EndProject
Project("{8BC9CEB8-8B4A-11D0-8D11-00A0C91BC942}") = "Oss_olc", "Oss_olc\Oss_olc.vcxproj", "{CDDD4983-903D-4B58-AF3C-05BCEC38F78C}"
EndProject
Project("{8BC9CEB8-8B4A-11D0-8D11-00A0C91BC942}") = "OOPGame", "OOPGame\OOPGame.vcxproj", "{ABFFB1B5-82F3-4AFC-8090-AFC3E4111242}"
EndProject
Project("{8BC9CEB8-8B4A-11D0-8D11-00A0C91BC942}") = "FinalTestApp", "FinalTestApp\FinalTestApp.vcxproj", "{6B015E8C-DBF2-4289-9CB3-ACB0390FDFAA}"
EndProject
Project("{8BC9CEB8-8B4A-11D0-8D11-00A0C91BC942}") = "CodingTest", "CodingTest\CodingTest.vcxproj", "{1190C62D-1285-4BC7-AB5E-BA2253DEA12B}"
EndProject
Global
	GlobalSection(SolutionConfigurationPlatforms) = preSolution
		Debug|Any CPU = Debug|Any CPU
		Debug|x64 = Debug|x64
		Debug|x86 = Debug|x86
		Release|Any CPU = Release|Any CPU
		Release|x64 = Release|x64
		Release|x86 = Release|x86
	EndGlobalSection
	GlobalSection(ProjectConfigurationPlatforms) = postSolution
		{AF25E25A-A642-4966-96E5-4B8C19A7B2BA}.Debug|Any CPU.ActiveCfg = Debug|x64
		{AF25E25A-A642-4966-96E5-4B8C19A7B2BA}.Debug|Any CPU.Build.0 = Debug|x64
		{AF25E25A-A642-4966-96E5-4B8C19A7B2BA}.Debug|x64.ActiveCfg = Debug|x64
		{AF25E25A-A642-4966-96E5-4B8C19A7B2BA}.Debug|x64.Build.0 = Debug|x64
		{AF25E25A-A642-4966-96E5-4B8C19A7B2BA}.Debug|x86.ActiveCfg = Debug|Win32
		{AF25E25A-A642-4966-96E5-4B8C19A7B2BA}.Debug|x86.Build.0 = Debug|Win32
		{AF25E25A-A642-4966-96E5-4B8C19A7B2BA}.Release|Any CPU.ActiveCfg = Release|x64
		{AF25E25A-A642-4966-96E5-4B8C19A7B2BA}.Release|Any CPU.Build.0 = Release|x64
		{AF25E25A-A642-4966-96E5-4B8C19A7B2BA}.Release|x64.ActiveCfg = Release|x64
		{AF25E25A-A642-4966-96E5-4B8C19A7B2BA}.Release|x64.Build.0 = Release|x64
		{AF25E25A-A642-4966-96E5-4B8C19A7B2BA}.Release|x86.ActiveCfg = Release|Win32
		{AF25E25A-A642-4966-96E5-4B8C19A7B2BA}.Release|x86.Build.0 = Release|Win32
		{A46102C4-BA44-48DA-984D-A35D750763E4}.Debug|Any CPU.ActiveCfg = Debug|x64
		{A46102C4-BA44-48DA-984D-A35D750763E4}.Debug|Any CPU.Build.0 = Debug|x64
		{A46102C4-BA44-48DA-984D-A35D750763E4}.Debug|x64.ActiveCfg = Debug|x64
		{A46102C4-BA44-48DA-984D-A35D750763E4}.Debug|x64.Build.0 = Debug|x64
		{A46102C4-BA44-48DA-984D-A35D750763E4}.Debug|x86.ActiveCfg = Debug|Win32
		{A46102C4-BA44-48DA-984D-A35D750763E4}.Debug|x86.Build.0 = Debug|Win32
		{A46102C4-BA44-48DA-984D-A35D750763E4}.Release|Any CPU.ActiveCfg = Release|x64
		{A46102C4-BA44-48DA-984D-A35D750763E4}.Release|Any CPU.Build.0 = Release|x64
		{A46102C4-BA44-48DA-984D-A35D750763E4}.Release|x64.ActiveCfg = Release|x64
		{A46102C4-BA44-48DA-984D-A35D750763E4}.Release|x64.Build.0 = Release|x64
		{A46102C4-BA44-48DA-984D-A35D750763E4}.Release|x86.ActiveCfg = Release|Win32
		{A46102C4-BA44-48DA-984D-A35D750763E4}.Release|x86.Build.0 = Release|Win32
		{D6E66749-5B26-4609-8483-A8EC11757F8A}.Debug|Any CPU.ActiveCfg = Debug|x64
		{D6E66749-5B26-4609-8483-A8EC11757F8A}.Debug|Any CPU.Build.0 = Debug|x64
		{D6E66749-5B26-4609-8483-A8EC11757F8A}.Debug|x64.ActiveCfg = Debug|x64
		{D6E66749-5B26-4609-8483-A8EC11757F8A}.Debug|x64.Build.0 = Debug|x64
		{D6E66749-5B26-4609-8483-A8EC11757F8A}.Debug|x86.ActiveCfg = Debug|Win32
		{D6E66749-5B26-4609-8483-A8EC11757F8A}.Debug|x86.Build.0 = Debug|Win32
		{D6E66749-5B26-4609-8483-A8EC11757F8A}.Release|Any CPU.ActiveCfg = Release|x64
		{D6E66749-5B26-4609-8483-A8EC11757F8A}.Release|Any CPU.Build.0 = Release|x64
		{D6E66749-5B26-4609-8483-A8EC11757F8A}.Release|x64.ActiveCfg = Release|x64
		{D6E66749-5B26-4609-8483-A8EC11757F8A}.Release|x64.Build.0 = Release|x64
		{D6E66749-5B26-4609-8483-A8EC11757F8A}.Release|x86.ActiveCfg = Release|Win32
		{D6E66749-5B26-4609-8483-A8EC11757F8A}.Release|x86.Build.0 = Release|Win32
		{382D16BF-B966-4602-AB36-20B3021B2770}.Debug|Any CPU.ActiveCfg = Debug|x64
		{382D16BF-B966-4602-AB36-20B3021B2770}.Debug|Any CPU.Build.0 = Debug|x64
		{382D16BF-B966-4602-AB36-20B3021B2770}.Debug|x64.ActiveCfg = Debug|x64
		{382D16BF-B966-4602-AB36-20B3021B2770}.Debug|x64.Build.0 = Debug|x64
		{382D16BF-B966-4602-AB36-20B3021B2770}.Debug|x86.ActiveCfg = Debug|Win32
		{382D16BF-B966-4602-AB36-20B3021B2770}.Debug|x86.Build.0 = Debug|Win32
		{382D16BF-B966-4602-AB36-20B3021B2770}.Release|Any CPU.ActiveCfg = Release|x64
		{382D16BF-B966-4602-AB36-20B3021B2770}.Release|Any CPU.Build.0 = Release|x64
		{382D16BF-B966-4602-AB36-20B3021B2770}.Release|x64.ActiveCfg = Release|x64
		{382D16BF-B966-4602-AB36-20B3021B2770}.Release|x64.Build.0 = Release|x64
		{382D16BF-B966-4602-AB36-20B3021B2770}.Release|x86.ActiveCfg = Release|Win32
		{382D16BF-B966-4602-AB36-20B3021B2770}.Release|x86.Build.0 = Release|Win32
		{AED043B9-6950-4C63-8129-F2FD67ABB8D4}.Debug|Any CPU.ActiveCfg = Debug|x64
		{AED043B9-6950-4C63-8129-F2FD67ABB8D4}.Debug|Any CPU.Build.0 = Debug|x64
		{AED043B9-6950-4C63-8129-F2FD67ABB8D4}.Debug|x64.ActiveCfg = Debug|x64
		{AED043B9-6950-4C63-8129-F2FD67ABB8D4}.Debug|x64.Build.0 = Debug|x64
		{AED043B9-6950-4C63-8129-F2FD67ABB8D4}.Debug|x86.ActiveCfg = Debug|Win32
		{AED043B9-6950-4C63-8129-F2FD67ABB8D4}.Debug|x86.Build.0 = Debug|Win32
		{AED043B9-6950-4C63-8129-F2FD67ABB8D4}.Release|Any CPU.ActiveCfg = Release|x64
		{AED043B9-6950-4C63-8129-F2FD67ABB8D4}.Release|Any CPU.Build.0 = Release|x64
		{AED043B9-6950-4C63-8129-F2FD67ABB8D4}.Release|x64.ActiveCfg = Release|x64
		{AED043B9-6950-4C63-8129-F2FD67ABB8D4}.Release|x64.Build.0 = Release|x64
		{AED043B9-6950-4C63-8129-F2FD67ABB8D4}.Release|x86.ActiveCfg = Release|Win32
		{AED043B9-6950-4C63-8129-F2FD67ABB8D4}.Release|x86.Build.0 = Release|Win32
		{3955EA3E-9331-4F7A-9DE4-206F490F0FE2}.Debug|Any CPU.ActiveCfg = Debug|x64
		{3955EA3E-9331-4F7A-9DE4-206F490F0FE2}.Debug|Any CPU.Build.0 = Debug|x64
		{3955EA3E-9331-4F7A-9DE4-206F490F0FE2}.Debug|x64.ActiveCfg = Debug|x64
		{3955EA3E-9331-4F7A-9DE4-206F490F0FE2}.Debug|x64.Build.0 = Debug|x64
		{3955EA3E-9331-4F7A-9DE4-206F490F0FE2}.Debug|x86.ActiveCfg = Debug|Win32
		{3955EA3E-9331-4F7A-9DE4-206F490F0FE2}.Debug|x86.Build.0 = Debug|Win32
		{3955EA3E-9331-4F7A-9DE4-206F490F0FE2}.Release|Any CPU.ActiveCfg = Release|x64
		{3955EA3E-9331-4F7A-9DE4-206F490F0FE2}.Release|Any CPU.Build.0 = Release|x64
		{3955EA3E-9331-4F7A-9DE4-206F490F0FE2}.Release|x64.ActiveCfg = Release|x64
		{3955EA3E-9331-4F7A-9DE4-206F490F0FE2}.Release|x64.Build.0 = Release|x64
		{3955EA3E-9331-4F7A-9DE4-206F490F0FE2}.Release|x86.ActiveCfg = Release|Win32
		{3955EA3E-9331-4F7A-9DE4-206F490F0FE2}.Release|x86.Build.0 = Release|Win32
		{31DE538C-FDC1-410D-8617-670E754F2ED7}.Debug|Any CPU.ActiveCfg = Debug|Any CPU
		{31DE538C-FDC1-410D-8617-670E754F2ED7}.Debug|Any CPU.Build.0 = Debug|Any CPU
		{31DE538C-FDC1-410D-8617-670E754F2ED7}.Debug|x64.ActiveCfg = Debug|Any CPU
		{31DE538C-FDC1-410D-8617-670E754F2ED7}.Debug|x64.Build.0 = Debug|Any CPU
		{31DE538C-FDC1-410D-8617-670E754F2ED7}.Debug|x86.ActiveCfg = Debug|Any CPU
		{31DE538C-FDC1-410D-8617-670E754F2ED7}.Debug|x86.Build.0 = Debug|Any CPU
		{31DE538C-FDC1-410D-8617-670E754F2ED7}.Release|Any CPU.ActiveCfg = Release|Any CPU
		{31DE538C-FDC1-410D-8617-670E754F2ED7}.Release|Any CPU.Build.0 = Release|Any CPU
		{31DE538C-FDC1-410D-8617-670E754F2ED7}.Release|x64.ActiveCfg = Release|Any CPU
		{31DE538C-FDC1-410D-8617-670E754F2ED7}.Release|x64.Build.0 = Release|Any CPU
		{31DE538C-FDC1-410D-8617-670E754F2ED7}.Release|x86.ActiveCfg = Release|Any CPU
		{31DE538C-FDC1-410D-8617-670E754F2ED7}.Release|x86.Build.0 = Release|Any CPU
		{A1604F22-3275-4D61-91C9-D4659B1AEF00}.Debug|Any CPU.ActiveCfg = Debug|Any CPU
		{A1604F22-3275-4D61-91C9-D4659B1AEF00}.Debug|Any CPU.Build.0 = Debug|Any CPU
		{A1604F22-3275-4D61-91C9-D4659B1AEF00}.Debug|x64.ActiveCfg = Debug|Any CPU
		{A1604F22-3275-4D61-91C9-D4659B1AEF00}.Debug|x64.Build.0 = Debug|Any CPU
		{A1604F22-3275-4D61-91C9-D4659B1AEF00}.Debug|x86.ActiveCfg = Debug|Any CPU
		{A1604F22-3275-4D61-91C9-D4659B1AEF00}.Debug|x86.Build.0 = Debug|Any CPU
		{A1604F22-3275-4D61-91C9-D4659B1AEF00}.Release|Any CPU.ActiveCfg = Release|Any CPU
		{A1604F22-3275-4D61-91C9-D4659B1AEF00}.Release|Any CPU.Build.0 = Release|Any CPU
		{A1604F22-3275-4D61-91C9-D4659B1AEF00}.Release|x64.ActiveCfg = Release|Any CPU
		{A1604F22-3275-4D61-91C9-D4659B1AEF00}.Release|x64.Build.0 = Release|Any CPU
		{A1604F22-3275-4D61-91C9-D4659B1AEF00}.Release|x86.ActiveCfg = Release|Any CPU
		{A1604F22-3275-4D61-91C9-D4659B1AEF00}.Release|x86.Build.0 = Release|Any CPU
		{EE1CA392-C56F-4F87-AB20-CCD76CB23537}.Debug|Any CPU.ActiveCfg = Debug|x64
		{EE1CA392-C56F-4F87-AB20-CCD76CB23537}.Debug|Any CPU.Build.0 = Debug|x64
		{EE1CA392-C56F-4F87-AB20-CCD76CB23537}.Debug|x64.ActiveCfg = Debug|x64
		{EE1CA392-C56F-4F87-AB20-CCD76CB23537}.Debug|x64.Build.0 = Debug|x64
		{EE1CA392-C56F-4F87-AB20-CCD76CB23537}.Debug|x86.ActiveCfg = Debug|Win32
		{EE1CA392-C56F-4F87-AB20-CCD76CB23537}.Debug|x86.Build.0 = Debug|Win32
		{EE1CA392-C56F-4F87-AB20-CCD76CB23537}.Release|Any CPU.ActiveCfg = Release|x64
		{EE1CA392-C56F-4F87-AB20-CCD76CB23537}.Release|Any CPU.Build.0 = Release|x64
		{EE1CA392-C56F-4F87-AB20-CCD76CB23537}.Release|x64.ActiveCfg = Release|x64
		{EE1CA392-C56F-4F87-AB20-CCD76CB23537}.Release|x64.Build.0 = Release|x64
		{EE1CA392-C56F-4F87-AB20-CCD76CB23537}.Release|x86.ActiveCfg = Release|Win32
		{EE1CA392-C56F-4F87-AB20-CCD76CB23537}.Release|x86.Build.0 = Release|Win32
		{BCF13CC1-2CF5-43E0-BB15-C4165A039E4F}.Debug|Any CPU.ActiveCfg = Debug|x64
		{BCF13CC1-2CF5-43E0-BB15-C4165A039E4F}.Debug|Any CPU.Build.0 = Debug|x64
		{BCF13CC1-2CF5-43E0-BB15-C4165A039E4F}.Debug|x64.ActiveCfg = Debug|x64
		{BCF13CC1-2CF5-43E0-BB15-C4165A039E4F}.Debug|x64.Build.0 = Debug|x64
		{BCF13CC1-2CF5-43E0-BB15-C4165A039E4F}.Debug|x86.ActiveCfg = Debug|Win32
		{BCF13CC1-2CF5-43E0-BB15-C4165A039E4F}.Debug|x86.Build.0 = Debug|Win32
		{BCF13CC1-2CF5-43E0-BB15-C4165A039E4F}.Release|Any CPU.ActiveCfg = Release|x64
		{BCF13CC1-2CF5-43E0-BB15-C4165A039E4F}.Release|Any CPU.Build.0 = Release|x64
		{BCF13CC1-2CF5-43E0-BB15-C4165A039E4F}.Release|x64.ActiveCfg = Release|x64
		{BCF13CC1-2CF5-43E0-BB15-C4165A039E4F}.Release|x64.Build.0 = Release|x64
		{BCF13CC1-2CF5-43E0-BB15-C4165A039E4F}.Release|x86.ActiveCfg = Release|Win32
		{BCF13CC1-2CF5-43E0-BB15-C4165A039E4F}.Release|x86.Build.0 = Release|Win32
		{EE911412-0A50-4CB1-87FD-187E6F42AD67}.Debug|Any CPU.ActiveCfg = Debug|x64
		{EE911412-0A50-4CB1-87FD-187E6F42AD67}.Debug|Any CPU.Build.0 = Debug|x64
		{EE911412-0A50-4CB1-87FD-187E6F42AD67}.Debug|x64.ActiveCfg = Debug|x64
		{EE911412-0A50-4CB1-87FD-187E6F42AD67}.Debug|x64.Build.0 = Debug|x64
		{EE911412-0A50-4CB1-87FD-187E6F42AD67}.Debug|x86.ActiveCfg = Debug|Win32
		{EE911412-0A50-4CB1-87FD-187E6F42AD67}.Debug|x86.Build.0 = Debug|Win32
		{EE911412-0A50-4CB1-87FD-187E6F42AD67}.Release|Any CPU.ActiveCfg = Release|x64
		{EE911412-0A50-4CB1-87FD-187E6F42AD67}.Release|Any CPU.Build.0 = Release|x64
		{EE911412-0A50-4CB1-87FD-187E6F42AD67}.Release|x64.ActiveCfg = Release|x64
		{EE911412-0A50-4CB1-87FD-187E6F42AD67}.Release|x64.Build.0 = Release|x64
		{EE911412-0A50-4CB1-87FD-187E6F42AD67}.Release|x86.ActiveCfg = Release|Win32
		{EE911412-0A50-4CB1-87FD-187E6F42AD67}.Release|x86.Build.0 = Release|Win32
		{9AD8968E-CAE4-4481-B605-654681E20A4D}.Debug|Any CPU.ActiveCfg = Debug|x64
		{9AD8968E-CAE4-4481-B605-654681E20A4D}.Debug|Any CPU.Build.0 = Debug|x64
		{9AD8968E-CAE4-4481-B605-654681E20A4D}.Debug|x64.ActiveCfg = Debug|x64
		{9AD8968E-CAE4-4481-B605-654681E20A4D}.Debug|x64.Build.0 = Debug|x64
		{9AD8968E-CAE4-4481-B605-654681E20A4D}.Debug|x86.ActiveCfg = Debug|Win32
		{9AD8968E-CAE4-4481-B605-654681E20A4D}.Debug|x86.Build.0 = Debug|Win32
		{9AD8968E-CAE4-4481-B605-654681E20A4D}.Release|Any CPU.ActiveCfg = Release|x64
		{9AD8968E-CAE4-4481-B605-654681E20A4D}.Release|Any CPU.Build.0 = Release|x64
		{9AD8968E-CAE4-4481-B605-654681E20A4D}.Release|x64.ActiveCfg = Release|x64
		{9AD8968E-CAE4-4481-B605-654681E20A4D}.Release|x64.Build.0 = Release|x64
		{9AD8968E-CAE4-4481-B605-654681E20A4D}.Release|x86.ActiveCfg = Release|Win32
		{9AD8968E-CAE4-4481-B605-654681E20A4D}.Release|x86.Build.0 = Release|Win32
		{43FBAD66-C696-4437-96AF-6BA02AA9AAF3}.Debug|Any CPU.ActiveCfg = Debug|x64
		{43FBAD66-C696-4437-96AF-6BA02AA9AAF3}.Debug|Any CPU.Build.0 = Debug|x64
		{43FBAD66-C696-4437-96AF-6BA02AA9AAF3}.Debug|x64.ActiveCfg = Debug|x64
		{43FBAD66-C696-4437-96AF-6BA02AA9AAF3}.Debug|x64.Build.0 = Debug|x64
		{43FBAD66-C696-4437-96AF-6BA02AA9AAF3}.Debug|x86.ActiveCfg = Debug|Win32
		{43FBAD66-C696-4437-96AF-6BA02AA9AAF3}.Debug|x86.Build.0 = Debug|Win32
		{43FBAD66-C696-4437-96AF-6BA02AA9AAF3}.Release|Any CPU.ActiveCfg = Release|x64
		{43FBAD66-C696-4437-96AF-6BA02AA9AAF3}.Release|Any CPU.Build.0 = Release|x64
		{43FBAD66-C696-4437-96AF-6BA02AA9AAF3}.Release|x64.ActiveCfg = Release|x64
		{43FBAD66-C696-4437-96AF-6BA02AA9AAF3}.Release|x64.Build.0 = Release|x64
		{43FBAD66-C696-4437-96AF-6BA02AA9AAF3}.Release|x86.ActiveCfg = Release|Win32
		{43FBAD66-C696-4437-96AF-6BA02AA9AAF3}.Release|x86.Build.0 = Release|Win32
		{B6148DA5-9A27-4B13-9179-72801116057F}.Debug|Any CPU.ActiveCfg = Debug|x64
		{B6148DA5-9A27-4B13-9179-72801116057F}.Debug|Any CPU.Build.0 = Debug|x64
		{B6148DA5-9A27-4B13-9179-72801116057F}.Debug|x64.ActiveCfg = Debug|x64
		{B6148DA5-9A27-4B13-9179-72801116057F}.Debug|x64.Build.0 = Debug|x64
		{B6148DA5-9A27-4B13-9179-72801116057F}.Debug|x86.ActiveCfg = Debug|Win32
		{B6148DA5-9A27-4B13-9179-72801116057F}.Debug|x86.Build.0 = Debug|Win32
		{B6148DA5-9A27-4B13-9179-72801116057F}.Release|Any CPU.ActiveCfg = Release|x64
		{B6148DA5-9A27-4B13-9179-72801116057F}.Release|Any CPU.Build.0 = Release|x64
		{B6148DA5-9A27-4B13-9179-72801116057F}.Release|x64.ActiveCfg = Release|x64
		{B6148DA5-9A27-4B13-9179-72801116057F}.Release|x64.Build.0 = Release|x64
		{B6148DA5-9A27-4B13-9179-72801116057F}.Release|x86.ActiveCfg = Release|Win32
		{B6148DA5-9A27-4B13-9179-72801116057F}.Release|x86.Build.0 = Release|Win32
		{DEDB59F0-A578-4F87-BC4B-A4CCE8777EF8}.Debug|Any CPU.ActiveCfg = Debug|x64
		{DEDB59F0-A578-4F87-BC4B-A4CCE8777EF8}.Debug|Any CPU.Build.0 = Debug|x64
		{DEDB59F0-A578-4F87-BC4B-A4CCE8777EF8}.Debug|x64.ActiveCfg = Debug|x64
		{DEDB59F0-A578-4F87-BC4B-A4CCE8777EF8}.Debug|x64.Build.0 = Debug|x64
		{DEDB59F0-A578-4F87-BC4B-A4CCE8777EF8}.Debug|x86.ActiveCfg = Debug|Win32
		{DEDB59F0-A578-4F87-BC4B-A4CCE8777EF8}.Debug|x86.Build.0 = Debug|Win32
		{DEDB59F0-A578-4F87-BC4B-A4CCE8777EF8}.Release|Any CPU.ActiveCfg = Release|x64
		{DEDB59F0-A578-4F87-BC4B-A4CCE8777EF8}.Release|Any CPU.Build.0 = Release|x64
		{DEDB59F0-A578-4F87-BC4B-A4CCE8777EF8}.Release|x64.ActiveCfg = Release|x64
		{DEDB59F0-A578-4F87-BC4B-A4CCE8777EF8}.Release|x64.Build.0 = Release|x64
		{DEDB59F0-A578-4F87-BC4B-A4CCE8777EF8}.Release|x86.ActiveCfg = Release|Win32
		{DEDB59F0-A578-4F87-BC4B-A4CCE8777EF8}.Release|x86.Build.0 = Release|Win32
		{80F7CAAA-BF0B-44B3-80D2-ADB666E76127}.Debug|Any CPU.ActiveCfg = Debug|x64
		{80F7CAAA-BF0B-44B3-80D2-ADB666E76127}.Debug|Any CPU.Build.0 = Debug|x64
		{80F7CAAA-BF0B-44B3-80D2-ADB666E76127}.Debug|x64.ActiveCfg = Debug|x64
		{80F7CAAA-BF0B-44B3-80D2-ADB666E76127}.Debug|x64.Build.0 = Debug|x64
		{80F7CAAA-BF0B-44B3-80D2-ADB666E76127}.Debug|x86.ActiveCfg = Debug|Win32
		{80F7CAAA-BF0B-44B3-80D2-ADB666E76127}.Debug|x86.Build.0 = Debug|Win32
		{80F7CAAA-BF0B-44B3-80D2-ADB666E76127}.Release|Any CPU.ActiveCfg = Release|x64
		{80F7CAAA-BF0B-44B3-80D2-ADB666E76127}.Release|Any CPU.Build.0 = Release|x64
		{80F7CAAA-BF0B-44B3-80D2-ADB666E76127}.Release|x64.ActiveCfg = Release|x64
		{80F7CAAA-BF0B-44B3-80D2-ADB666E76127}.Release|x64.Build.0 = Release|x64
		{80F7CAAA-BF0B-44B3-80D2-ADB666E76127}.Release|x86.ActiveCfg = Release|Win32
		{80F7CAAA-BF0B-44B3-80D2-ADB666E76127}.Release|x86.Build.0 = Release|Win32
		{8CE41C86-72CD-450A-8AA0-EA95FAAFF58C}.Debug|Any CPU.ActiveCfg = Debug|x64
		{8CE41C86-72CD-450A-8AA0-EA95FAAFF58C}.Debug|Any CPU.Build.0 = Debug|x64
		{8CE41C86-72CD-450A-8AA0-EA95FAAFF58C}.Debug|x64.ActiveCfg = Debug|x64
		{8CE41C86-72CD-450A-8AA0-EA95FAAFF58C}.Debug|x64.Build.0 = Debug|x64
		{8CE41C86-72CD-450A-8AA0-EA95FAAFF58C}.Debug|x86.ActiveCfg = Debug|Win32
		{8CE41C86-72CD-450A-8AA0-EA95FAAFF58C}.Debug|x86.Build.0 = Debug|Win32
		{8CE41C86-72CD-450A-8AA0-EA95FAAFF58C}.Release|Any CPU.ActiveCfg = Release|x64
		{8CE41C86-72CD-450A-8AA0-EA95FAAFF58C}.Release|Any CPU.Build.0 = Release|x64
		{8CE41C86-72CD-450A-8AA0-EA95FAAFF58C}.Release|x64.ActiveCfg = Release|x64
		{8CE41C86-72CD-450A-8AA0-EA95FAAFF58C}.Release|x64.Build.0 = Release|x64
		{8CE41C86-72CD-450A-8AA0-EA95FAAFF58C}.Release|x86.ActiveCfg = Release|Win32
		{8CE41C86-72CD-450A-8AA0-EA95FAAFF58C}.Release|x86.Build.0 = Release|Win32
		{ADE70C23-332A-42DE-98E4-D4BDF6062D0B}.Debug|Any CPU.ActiveCfg = Debug|x64
		{ADE70C23-332A-42DE-98E4-D4BDF6062D0B}.Debug|Any CPU.Build.0 = Debug|x64
		{ADE70C23-332A-42DE-98E4-D4BDF6062D0B}.Debug|x64.ActiveCfg = Debug|x64
		{ADE70C23-332A-42DE-98E4-D4BDF6062D0B}.Debug|x64.Build.0 = Debug|x64
		{ADE70C23-332A-42DE-98E4-D4BDF6062D0B}.Debug|x86.ActiveCfg = Debug|Win32
		{ADE70C23-332A-42DE-98E4-D4BDF6062D0B}.Debug|x86.Build.0 = Debug|Win32
		{ADE70C23-332A-42DE-98E4-D4BDF6062D0B}.Release|Any CPU.ActiveCfg = Release|x64
		{ADE70C23-332A-42DE-98E4-D4BDF6062D0B}.Release|Any CPU.Build.0 = Release|x64
		{ADE70C23-332A-42DE-98E4-D4BDF6062D0B}.Release|x64.ActiveCfg = Release|x64
		{ADE70C23-332A-42DE-98E4-D4BDF6062D0B}.Release|x64.Build.0 = Release|x64
		{ADE70C23-332A-42DE-98E4-D4BDF6062D0B}.Release|x86.ActiveCfg = Release|Win32
		{ADE70C23-332A-42DE-98E4-D4BDF6062D0B}.Release|x86.Build.0 = Release|Win32
		{CDDD4983-903D-4B58-AF3C-05BCEC38F78C}.Debug|Any CPU.ActiveCfg = Debug|x64
		{CDDD4983-903D-4B58-AF3C-05BCEC38F78C}.Debug|Any CPU.Build.0 = Debug|x64
		{CDDD4983-903D-4B58-AF3C-05BCEC38F78C}.Debug|x64.ActiveCfg = Debug|x64
		{CDDD4983-903D-4B58-AF3C-05BCEC38F78C}.Debug|x64.Build.0 = Debug|x64
		{CDDD4983-903D-4B58-AF3C-05BCEC38F78C}.Debug|x86.ActiveCfg = Debug|Win32
		{CDDD4983-903D-4B58-AF3C-05BCEC38F78C}.Debug|x86.Build.0 = Debug|Win32
		{CDDD4983-903D-4B58-AF3C-05BCEC38F78C}.Release|Any CPU.ActiveCfg = Release|x64
		{CDDD4983-903D-4B58-AF3C-05BCEC38F78C}.Release|Any CPU.Build.0 = Release|x64
		{CDDD4983-903D-4B58-AF3C-05BCEC38F78C}.Release|x64.ActiveCfg = Release|x64
		{CDDD4983-903D-4B58-AF3C-05BCEC38F78C}.Release|x64.Build.0 = Release|x64
		{CDDD4983-903D-4B58-AF3C-05BCEC38F78C}.Release|x86.ActiveCfg = Release|Win32
		{CDDD4983-903D-4B58-AF3C-05BCEC38F78C}.Release|x86.Build.0 = Release|Win32
		{ABFFB1B5-82F3-4AFC-8090-AFC3E4111242}.Debug|Any CPU.ActiveCfg = Debug|x64
		{ABFFB1B5-82F3-4AFC-8090-AFC3E4111242}.Debug|Any CPU.Build.0 = Debug|x64
		{ABFFB1B5-82F3-4AFC-8090-AFC3E4111242}.Debug|x64.ActiveCfg = Debug|x64
		{ABFFB1B5-82F3-4AFC-8090-AFC3E4111242}.Debug|x64.Build.0 = Debug|x64
		{ABFFB1B5-82F3-4AFC-8090-AFC3E4111242}.Debug|x86.ActiveCfg = Debug|Win32
		{ABFFB1B5-82F3-4AFC-8090-AFC3E4111242}.Debug|x86.Build.0 = Debug|Win32
		{ABFFB1B5-82F3-4AFC-8090-AFC3E4111242}.Release|Any CPU.ActiveCfg = Release|x64
		{ABFFB1B5-82F3-4AFC-8090-AFC3E4111242}.Release|Any CPU.Build.0 = Release|x64
		{ABFFB1B5-82F3-4AFC-8090-AFC3E4111242}.Release|x64.ActiveCfg = Release|x64
		{ABFFB1B5-82F3-4AFC-8090-AFC3E4111242}.Release|x64.Build.0 = Release|x64
		{ABFFB1B5-82F3-4AFC-8090-AFC3E4111242}.Release|x86.ActiveCfg = Release|Win32
		{ABFFB1B5-82F3-4AFC-8090-AFC3E4111242}.Release|x86.Build.0 = Release|Win32
		{6B015E8C-DBF2-4289-9CB3-ACB0390FDFAA}.Debug|Any CPU.ActiveCfg = Debug|x64
		{6B015E8C-DBF2-4289-9CB3-ACB0390FDFAA}.Debug|Any CPU.Build.0 = Debug|x64
		{6B015E8C-DBF2-4289-9CB3-ACB0390FDFAA}.Debug|x64.ActiveCfg = Debug|x64
		{6B015E8C-DBF2-4289-9CB3-ACB0390FDFAA}.Debug|x64.Build.0 = Debug|x64
		{6B015E8C-DBF2-4289-9CB3-ACB0390FDFAA}.Debug|x86.ActiveCfg = Debug|Win32
		{6B015E8C-DBF2-4289-9CB3-ACB0390FDFAA}.Debug|x86.Build.0 = Debug|Win32
		{6B015E8C-DBF2-4289-9CB3-ACB0390FDFAA}.Release|Any CPU.ActiveCfg = Release|x64
		{6B015E8C-DBF2-4289-9CB3-ACB0390FDFAA}.Release|Any CPU.Build.0 = Release|x64
		{6B015E8C-DBF2-4289-9CB3-ACB0390FDFAA}.Release|x64.ActiveCfg = Release|x64
		{6B015E8C-DBF2-4289-9CB3-ACB0390FDFAA}.Release|x64.Build.0 = Release|x64
		{6B015E8C-DBF2-4289-9CB3-ACB0390FDFAA}.Release|x86.ActiveCfg = Release|Win32
		{6B015E8C-DBF2-4289-9CB3-ACB0390FDFAA}.Release|x86.Build.0 = Release|Win32
		{1190C62D-1285-4BC7-AB5E-BA2253DEA12B}.Debug|Any CPU.ActiveCfg = Debug|x64
		{1190C62D-1285-4BC7-AB5E-BA2253DEA12B}.Debug|Any CPU.Build.0 = Debug|x64
		{1190C62D-1285-4BC7-AB5E-BA2253DEA12B}.Debug|x64.ActiveCfg = Debug|x64
		{1190C62D-1285-4BC7-AB5E-BA2253DEA12B}.Debug|x64.Build.0 = Debug|x64
		{1190C62D-1285-4BC7-AB5E-BA2253DEA12B}.Debug|x86.ActiveCfg = Debug|Win32
		{1190C62D-1285-4BC7-AB5E-BA2253DEA12B}.Debug|x86.Build.0 = Debug|Win32
		{1190C62D-1285-4BC7-AB5E-BA2253DEA12B}.Release|Any CPU.ActiveCfg = Release|x64
		{1190C62D-1285-4BC7-AB5E-BA2253DEA12B}.Release|Any CPU.Build.0 = Release|x64
		{1190C62D-1285-4BC7-AB5E-BA2253DEA12B}.Release|x64.ActiveCfg = Release|x64
		{1190C62D-1285-4BC7-AB5E-BA2253DEA12B}.Release|x64.Build.0 = Release|x64
		{1190C62D-1285-4BC7-AB5E-BA2253DEA12B}.Release|x86.ActiveCfg = Release|Win32
		{1190C62D-1285-4BC7-AB5E-BA2253DEA12B}.Release|x86.Build.0 = Release|Win32
	EndGlobalSection
	GlobalSection(SolutionProperties) = preSolution
		HideSolutionNode = FALSE
	EndGlobalSection
	GlobalSection(ExtensibilityGlobals) = postSolution
		SolutionGuid = {5673B058-D0A4-4164-B4BB-03ECEA7CDFF8}
	EndGlobalSection
EndGlobal
